// !$*UTF8*$!
{
	archiveVersion = 1;
	classes = {
	};
	objectVersion = 46;
	objects = {

/* Begin PBXBuildFile section */
		28487F89177DD7F500B53BB7 /* Bookmark.m in Sources */ = {isa = PBXBuildFile; fileRef = 34B56B421722DB2200A5A4B8 /* Bookmark.m */; settings = {COMPILER_FLAGS = "-fno-objc-arc"; }; };
		3403516516CE93F2009E3B88 /* reader.css in Resources */ = {isa = PBXBuildFile; fileRef = 3403516116CE93F2009E3B88 /* reader.css */; };
		3403516616CE93F2009E3B88 /* reader.html in Resources */ = {isa = PBXBuildFile; fileRef = 3403516216CE93F2009E3B88 /* reader.html */; };
		3403516D16CE9FF2009E3B88 /* BundleURLProtocol.m in Sources */ = {isa = PBXBuildFile; fileRef = 3403516C16CE9FF2009E3B88 /* BundleURLProtocol.m */; settings = {COMPILER_FLAGS = "-fno-objc-arc"; }; };
		340535AA16BC5DD100D4A802 /* BaseViewController.m in Sources */ = {isa = PBXBuildFile; fileRef = 340535A916BC5DD100D4A802 /* BaseViewController.m */; };
		340535AD16BC5F4700D4A802 /* ContainerListController.m in Sources */ = {isa = PBXBuildFile; fileRef = 340535AC16BC5F4700D4A802 /* ContainerListController.m */; };
		340535B216BC608900D4A802 /* LocStr.m in Sources */ = {isa = PBXBuildFile; fileRef = 340535AF16BC608900D4A802 /* LocStr.m */; settings = {COMPILER_FLAGS = "-fno-objc-arc"; }; };
		340535B316BC608900D4A802 /* LocStrError.m in Sources */ = {isa = PBXBuildFile; fileRef = 340535B116BC608900D4A802 /* LocStrError.m */; settings = {COMPILER_FLAGS = "-fno-objc-arc"; }; };
		340535B616BC669C00D4A802 /* ContainerList.m in Sources */ = {isa = PBXBuildFile; fileRef = 340535B516BC669C00D4A802 /* ContainerList.m */; settings = {COMPILER_FLAGS = "-fno-objc-arc"; }; };
		340535B916BC729200D4A802 /* moby-dick-20120118.epub in Resources */ = {isa = PBXBuildFile; fileRef = 340535B816BC729200D4A802 /* moby-dick-20120118.epub */; };
		340535BB16BC793700D4A802 /* wasteland-20120118.epub in Resources */ = {isa = PBXBuildFile; fileRef = 340535BA16BC793700D4A802 /* wasteland-20120118.epub */; };
		340FC15D16BC3B4600346A59 /* UIKit.framework in Frameworks */ = {isa = PBXBuildFile; fileRef = 340FC15C16BC3B4600346A59 /* UIKit.framework */; };
		340FC15F16BC3B4600346A59 /* Foundation.framework in Frameworks */ = {isa = PBXBuildFile; fileRef = 340FC15E16BC3B4600346A59 /* Foundation.framework */; };
		340FC16116BC3B4600346A59 /* CoreGraphics.framework in Frameworks */ = {isa = PBXBuildFile; fileRef = 340FC16016BC3B4600346A59 /* CoreGraphics.framework */; };
		3411DF03175FACC000FCE6D9 /* EPubViewController.m in Sources */ = {isa = PBXBuildFile; fileRef = 3411DF02175FACC000FCE6D9 /* EPubViewController.m */; };
		3413980B16C02DE7000912C1 /* ContainerController.m in Sources */ = {isa = PBXBuildFile; fileRef = 3413980A16C02DE7000912C1 /* ContainerController.m */; };
		3413981016C03062000912C1 /* RDPackage.mm in Sources */ = {isa = PBXBuildFile; fileRef = 3413980F16C03062000912C1 /* RDPackage.mm */; settings = {COMPILER_FLAGS = "-fno-objc-arc"; }; };
		341652A316C2F85700AFDB8B /* PackageMetadataController.m in Sources */ = {isa = PBXBuildFile; fileRef = 341652A216C2F85700AFDB8B /* PackageMetadataController.m */; };
		341652A816C2F9E700AFDB8B /* SpineItemListController.m in Sources */ = {isa = PBXBuildFile; fileRef = 341652A716C2F9E700AFDB8B /* SpineItemListController.m */; };
		345CA3E516C00F0500B8B56A /* RDContainer.mm in Sources */ = {isa = PBXBuildFile; fileRef = 345CA3E416C00F0500B8B56A /* RDContainer.mm */; settings = {COMPILER_FLAGS = "-fno-objc-arc"; }; };
		345DA0DD16C310F500E7285C /* Constants.m in Sources */ = {isa = PBXBuildFile; fileRef = 345DA0DC16C310F400E7285C /* Constants.m */; settings = {COMPILER_FLAGS = "-fno-objc-arc"; }; };
		345DA0E216C3151E00E7285C /* EPubURLProtocol.m in Sources */ = {isa = PBXBuildFile; fileRef = 345DA0E116C3151E00E7285C /* EPubURLProtocol.m */; settings = {COMPILER_FLAGS = "-fno-objc-arc"; }; };
		345DA0E516C334B300E7285C /* EPubURLProtocolBridge.m in Sources */ = {isa = PBXBuildFile; fileRef = 345DA0E416C334B300E7285C /* EPubURLProtocolBridge.m */; settings = {COMPILER_FLAGS = "-fno-objc-arc"; }; };
		3462FBBD16BC3C43003C79E1 /* AppDelegate.m in Sources */ = {isa = PBXBuildFile; fileRef = 3462FBBB16BC3C43003C79E1 /* AppDelegate.m */; };
		3462FBBE16BC3C43003C79E1 /* main.m in Sources */ = {isa = PBXBuildFile; fileRef = 3462FBBC16BC3C43003C79E1 /* main.m */; settings = {COMPILER_FLAGS = "-fno-objc-arc"; }; };
		3462FBC816BC3C8F003C79E1 /* Localizable.strings in Resources */ = {isa = PBXBuildFile; fileRef = 3462FBC316BC3C8F003C79E1 /* Localizable.strings */; };
		3462FBD516BC402E003C79E1 /* Icon-72.png in Resources */ = {isa = PBXBuildFile; fileRef = 3462FBCD16BC402E003C79E1 /* Icon-72.png */; };
		3462FBD616BC402E003C79E1 /* Icon-72@2x.png in Resources */ = {isa = PBXBuildFile; fileRef = 3462FBCE16BC402E003C79E1 /* Icon-72@2x.png */; };
		3462FBD716BC402E003C79E1 /* Icon-Small-50.png in Resources */ = {isa = PBXBuildFile; fileRef = 3462FBCF16BC402E003C79E1 /* Icon-Small-50.png */; };
		3462FBD816BC402E003C79E1 /* Icon-Small-50@2x.png in Resources */ = {isa = PBXBuildFile; fileRef = 3462FBD016BC402E003C79E1 /* Icon-Small-50@2x.png */; };
		3462FBD916BC402E003C79E1 /* Icon-Small.png in Resources */ = {isa = PBXBuildFile; fileRef = 3462FBD116BC402E003C79E1 /* Icon-Small.png */; };
		3462FBDA16BC402E003C79E1 /* Icon-Small@2x.png in Resources */ = {isa = PBXBuildFile; fileRef = 3462FBD216BC402E003C79E1 /* Icon-Small@2x.png */; };
		3462FBDB16BC402E003C79E1 /* Icon.png in Resources */ = {isa = PBXBuildFile; fileRef = 3462FBD316BC402E003C79E1 /* Icon.png */; };
		3462FBDC16BC402E003C79E1 /* Icon@2x.png in Resources */ = {isa = PBXBuildFile; fileRef = 3462FBD416BC402E003C79E1 /* Icon@2x.png */; };
		3462FBE616BC40F9003C79E1 /* Default-568h@2x.png in Resources */ = {isa = PBXBuildFile; fileRef = 3462FBDF16BC40F9003C79E1 /* Default-568h@2x.png */; };
		3462FBE716BC40F9003C79E1 /* Default-Landscape.png in Resources */ = {isa = PBXBuildFile; fileRef = 3462FBE016BC40F9003C79E1 /* Default-Landscape.png */; };
		3462FBE816BC40F9003C79E1 /* Default-Landscape@2x.png in Resources */ = {isa = PBXBuildFile; fileRef = 3462FBE116BC40F9003C79E1 /* Default-Landscape@2x.png */; };
		3462FBE916BC40F9003C79E1 /* Default-Portrait.png in Resources */ = {isa = PBXBuildFile; fileRef = 3462FBE216BC40F9003C79E1 /* Default-Portrait.png */; };
		3462FBEA16BC40F9003C79E1 /* Default-Portrait@2x.png in Resources */ = {isa = PBXBuildFile; fileRef = 3462FBE316BC40F9003C79E1 /* Default-Portrait@2x.png */; };
		3462FBEB16BC40F9003C79E1 /* Default.png in Resources */ = {isa = PBXBuildFile; fileRef = 3462FBE416BC40F9003C79E1 /* Default.png */; };
		3462FBEC16BC40F9003C79E1 /* Default@2x.png in Resources */ = {isa = PBXBuildFile; fileRef = 3462FBE516BC40F9003C79E1 /* Default@2x.png */; };
		347C58C016BC879400A647B0 /* libePub3-iOS.a in Frameworks */ = {isa = PBXBuildFile; fileRef = 347C58BB16BC873700A647B0 /* libePub3-iOS.a */; };
		349AF4B916EA9B1C00253269 /* PackageResourceCache.m in Sources */ = {isa = PBXBuildFile; fileRef = 349AF4B816EA9B1C00253269 /* PackageResourceCache.m */; settings = {COMPILER_FLAGS = "-fno-objc-arc"; }; };
		34A94D9716C060E000FD4143 /* RDSpineItem.mm in Sources */ = {isa = PBXBuildFile; fileRef = 34A94D9616C060E000FD4143 /* RDSpineItem.mm */; settings = {COMPILER_FLAGS = "-fno-objc-arc"; }; };
		34B53528170B3E60000D384F /* JavaScript in Resources */ = {isa = PBXBuildFile; fileRef = 34B53527170B3E60000D384F /* JavaScript */; };
		34B5457C16BCB07800D14838 /* libxml2.dylib in Frameworks */ = {isa = PBXBuildFile; fileRef = 34B5457B16BCB07800D14838 /* libxml2.dylib */; };
		34B5457E16BCB08000D14838 /* libz.dylib in Frameworks */ = {isa = PBXBuildFile; fileRef = 34B5457D16BCB08000D14838 /* libz.dylib */; };
		34B56B4C1722DFB700A5A4B8 /* BookmarkDatabase.m in Sources */ = {isa = PBXBuildFile; fileRef = 34B56B4B1722DFB700A5A4B8 /* BookmarkDatabase.m */; settings = {COMPILER_FLAGS = "-fno-objc-arc"; }; };
		34B56B4F1722E54A00A5A4B8 /* Settings.m in Sources */ = {isa = PBXBuildFile; fileRef = 34B56B4E1722E54A00A5A4B8 /* Settings.m */; settings = {COMPILER_FLAGS = "-fno-objc-arc"; }; };
		34B56B5C17230FDF00A5A4B8 /* BookmarkListController.m in Sources */ = {isa = PBXBuildFile; fileRef = 34B56B5B17230FDF00A5A4B8 /* BookmarkListController.m */; };
		34B56B5E1723158E00A5A4B8 /* childrens-literature-20130206.epub in Resources */ = {isa = PBXBuildFile; fileRef = 34B56B5D1723158E00A5A4B8 /* childrens-literature-20130206.epub */; };
		34C5533916E15C76003A7C23 /* AsyncSocket.m in Sources */ = {isa = PBXBuildFile; fileRef = 34C5533816E15C76003A7C23 /* AsyncSocket.m */; settings = {COMPILER_FLAGS = "-fno-objc-arc"; }; };
		34C5533C16E15CCB003A7C23 /* HTMLUtil.m in Sources */ = {isa = PBXBuildFile; fileRef = 34C5533B16E15CCB003A7C23 /* HTMLUtil.m */; settings = {COMPILER_FLAGS = "-fno-objc-arc"; }; };
		34C5533F16E15CDF003A7C23 /* RDPackageResource.mm in Sources */ = {isa = PBXBuildFile; fileRef = 34C5533E16E15CDF003A7C23 /* RDPackageResource.mm */; settings = {COMPILER_FLAGS = "-fno-objc-arc"; }; };
		34C5534116E15D08003A7C23 /* CFNetwork.framework in Frameworks */ = {isa = PBXBuildFile; fileRef = 34C5534016E15D08003A7C23 /* CFNetwork.framework */; };
		34C5534416E15D32003A7C23 /* PackageResourceServer.m in Sources */ = {isa = PBXBuildFile; fileRef = 34C5534316E15D32003A7C23 /* PackageResourceServer.m */; settings = {COMPILER_FLAGS = "-fno-objc-arc"; }; };
		34CE0B1A1720CC0300F55192 /* RDNavigationElement.mm in Sources */ = {isa = PBXBuildFile; fileRef = 34CE0B191720CC0300F55192 /* RDNavigationElement.mm */; settings = {COMPILER_FLAGS = "-fno-objc-arc"; }; };
		34CE0B1F1720D8FE00F55192 /* NavigationElementController.m in Sources */ = {isa = PBXBuildFile; fileRef = 34CE0B1E1720D8FE00F55192 /* NavigationElementController.m */; };
/* End PBXBuildFile section */

/* Begin PBXContainerItemProxy section */
		347C58B816BC873700A647B0 /* PBXContainerItemProxy */ = {
			isa = PBXContainerItemProxy;
			containerPortal = 347C58B216BC873700A647B0 /* ePub3.xcodeproj */;
			proxyType = 2;
			remoteGlobalIDString = ABA72C241655382E003125FF;
			remoteInfo = ePub3;
		};
		347C58BA16BC873700A647B0 /* PBXContainerItemProxy */ = {
			isa = PBXContainerItemProxy;
			containerPortal = 347C58B216BC873700A647B0 /* ePub3.xcodeproj */;
			proxyType = 2;
			remoteGlobalIDString = ABA4BAE016ADF5A600161B77;
			remoteInfo = "ePub3-iOS";
		};
		347C58BC16BC873700A647B0 /* PBXContainerItemProxy */ = {
			isa = PBXContainerItemProxy;
			containerPortal = 347C58B216BC873700A647B0 /* ePub3.xcodeproj */;
			proxyType = 2;
			remoteGlobalIDString = AB61CE4A1694845700299BB1;
			remoteInfo = UnitTests;
		};
		347C58BE16BC878A00A647B0 /* PBXContainerItemProxy */ = {
			isa = PBXContainerItemProxy;
			containerPortal = 347C58B216BC873700A647B0 /* ePub3.xcodeproj */;
			proxyType = 1;
			remoteGlobalIDString = ABA4BADF16ADF5A600161B77;
			remoteInfo = "ePub3-iOS";
		};
/* End PBXContainerItemProxy section */

/* Begin PBXFileReference section */
		3403516116CE93F2009E3B88 /* reader.css */ = {isa = PBXFileReference; fileEncoding = 4; lastKnownFileType = text.css; path = reader.css; sourceTree = "<group>"; };
		3403516216CE93F2009E3B88 /* reader.html */ = {isa = PBXFileReference; fileEncoding = 4; lastKnownFileType = text.html; path = reader.html; sourceTree = "<group>"; };
		3403516B16CE9FF2009E3B88 /* BundleURLProtocol.h */ = {isa = PBXFileReference; fileEncoding = 4; lastKnownFileType = sourcecode.c.h; path = BundleURLProtocol.h; sourceTree = "<group>"; };
		3403516C16CE9FF2009E3B88 /* BundleURLProtocol.m */ = {isa = PBXFileReference; fileEncoding = 4; lastKnownFileType = sourcecode.c.objc; path = BundleURLProtocol.m; sourceTree = "<group>"; };
		340535A816BC5DD100D4A802 /* BaseViewController.h */ = {isa = PBXFileReference; fileEncoding = 4; lastKnownFileType = sourcecode.c.h; path = BaseViewController.h; sourceTree = "<group>"; };
		340535A916BC5DD100D4A802 /* BaseViewController.m */ = {isa = PBXFileReference; fileEncoding = 4; lastKnownFileType = sourcecode.c.objc; path = BaseViewController.m; sourceTree = "<group>"; };
		340535AB16BC5F4700D4A802 /* ContainerListController.h */ = {isa = PBXFileReference; fileEncoding = 4; lastKnownFileType = sourcecode.c.h; path = ContainerListController.h; sourceTree = "<group>"; };
		340535AC16BC5F4700D4A802 /* ContainerListController.m */ = {isa = PBXFileReference; fileEncoding = 4; lastKnownFileType = sourcecode.c.objc; path = ContainerListController.m; sourceTree = "<group>"; };
		340535AE16BC608900D4A802 /* LocStr.h */ = {isa = PBXFileReference; fileEncoding = 4; lastKnownFileType = sourcecode.c.h; path = LocStr.h; sourceTree = "<group>"; };
		340535AF16BC608900D4A802 /* LocStr.m */ = {isa = PBXFileReference; fileEncoding = 4; lastKnownFileType = sourcecode.c.objc; path = LocStr.m; sourceTree = "<group>"; };
		340535B016BC608900D4A802 /* LocStrError.h */ = {isa = PBXFileReference; fileEncoding = 4; lastKnownFileType = sourcecode.c.h; path = LocStrError.h; sourceTree = "<group>"; };
		340535B116BC608900D4A802 /* LocStrError.m */ = {isa = PBXFileReference; fileEncoding = 4; lastKnownFileType = sourcecode.c.objc; path = LocStrError.m; sourceTree = "<group>"; };
		340535B416BC669C00D4A802 /* ContainerList.h */ = {isa = PBXFileReference; fileEncoding = 4; lastKnownFileType = sourcecode.c.h; path = ContainerList.h; sourceTree = "<group>"; };
		340535B516BC669C00D4A802 /* ContainerList.m */ = {isa = PBXFileReference; fileEncoding = 4; lastKnownFileType = sourcecode.c.objc; path = ContainerList.m; sourceTree = "<group>"; };
		340535B816BC729200D4A802 /* moby-dick-20120118.epub */ = {isa = PBXFileReference; lastKnownFileType = file; path = "moby-dick-20120118.epub"; sourceTree = "<group>"; };
		340535BA16BC793700D4A802 /* wasteland-20120118.epub */ = {isa = PBXFileReference; lastKnownFileType = file; path = "wasteland-20120118.epub"; sourceTree = "<group>"; };
		340FC15916BC3B4600346A59 /* SDKLauncher-iOS.app */ = {isa = PBXFileReference; explicitFileType = wrapper.application; includeInIndex = 0; path = "SDKLauncher-iOS.app"; sourceTree = BUILT_PRODUCTS_DIR; };
		340FC15C16BC3B4600346A59 /* UIKit.framework */ = {isa = PBXFileReference; lastKnownFileType = wrapper.framework; name = UIKit.framework; path = System/Library/Frameworks/UIKit.framework; sourceTree = SDKROOT; };
		340FC15E16BC3B4600346A59 /* Foundation.framework */ = {isa = PBXFileReference; lastKnownFileType = wrapper.framework; name = Foundation.framework; path = System/Library/Frameworks/Foundation.framework; sourceTree = SDKROOT; };
		340FC16016BC3B4600346A59 /* CoreGraphics.framework */ = {isa = PBXFileReference; lastKnownFileType = wrapper.framework; name = CoreGraphics.framework; path = System/Library/Frameworks/CoreGraphics.framework; sourceTree = SDKROOT; };
		3411DF01175FACC000FCE6D9 /* EPubViewController.h */ = {isa = PBXFileReference; fileEncoding = 4; lastKnownFileType = sourcecode.c.h; path = EPubViewController.h; sourceTree = "<group>"; };
		3411DF02175FACC000FCE6D9 /* EPubViewController.m */ = {isa = PBXFileReference; fileEncoding = 4; lastKnownFileType = sourcecode.c.objc; path = EPubViewController.m; sourceTree = "<group>"; };
		3413980916C02DE7000912C1 /* ContainerController.h */ = {isa = PBXFileReference; fileEncoding = 4; lastKnownFileType = sourcecode.c.h; path = ContainerController.h; sourceTree = "<group>"; };
		3413980A16C02DE7000912C1 /* ContainerController.m */ = {isa = PBXFileReference; fileEncoding = 4; lastKnownFileType = sourcecode.c.objc; path = ContainerController.m; sourceTree = "<group>"; };
		3413980E16C03062000912C1 /* RDPackage.h */ = {isa = PBXFileReference; fileEncoding = 4; lastKnownFileType = sourcecode.c.h; path = RDPackage.h; sourceTree = "<group>"; };
		3413980F16C03062000912C1 /* RDPackage.mm */ = {isa = PBXFileReference; fileEncoding = 4; lastKnownFileType = sourcecode.cpp.objcpp; path = RDPackage.mm; sourceTree = "<group>"; };
		341652A116C2F85700AFDB8B /* PackageMetadataController.h */ = {isa = PBXFileReference; fileEncoding = 4; lastKnownFileType = sourcecode.c.h; path = PackageMetadataController.h; sourceTree = "<group>"; };
		341652A216C2F85700AFDB8B /* PackageMetadataController.m */ = {isa = PBXFileReference; fileEncoding = 4; lastKnownFileType = sourcecode.c.objc; path = PackageMetadataController.m; sourceTree = "<group>"; };
		341652A616C2F9E700AFDB8B /* SpineItemListController.h */ = {isa = PBXFileReference; fileEncoding = 4; lastKnownFileType = sourcecode.c.h; path = SpineItemListController.h; sourceTree = "<group>"; };
		341652A716C2F9E700AFDB8B /* SpineItemListController.m */ = {isa = PBXFileReference; fileEncoding = 4; lastKnownFileType = sourcecode.c.objc; path = SpineItemListController.m; sourceTree = "<group>"; };
		345CA3E316C00F0500B8B56A /* RDContainer.h */ = {isa = PBXFileReference; fileEncoding = 4; lastKnownFileType = sourcecode.c.h; path = RDContainer.h; sourceTree = "<group>"; };
		345CA3E416C00F0500B8B56A /* RDContainer.mm */ = {isa = PBXFileReference; fileEncoding = 4; lastKnownFileType = sourcecode.cpp.objcpp; path = RDContainer.mm; sourceTree = "<group>"; };
		345DA0DB16C310F400E7285C /* Constants.h */ = {isa = PBXFileReference; fileEncoding = 4; lastKnownFileType = sourcecode.c.h; path = Constants.h; sourceTree = "<group>"; };
		345DA0DC16C310F400E7285C /* Constants.m */ = {isa = PBXFileReference; fileEncoding = 4; lastKnownFileType = sourcecode.c.objc; path = Constants.m; sourceTree = "<group>"; };
		345DA0E016C3151E00E7285C /* EPubURLProtocol.h */ = {isa = PBXFileReference; fileEncoding = 4; lastKnownFileType = sourcecode.c.h; path = EPubURLProtocol.h; sourceTree = "<group>"; };
		345DA0E116C3151E00E7285C /* EPubURLProtocol.m */ = {isa = PBXFileReference; fileEncoding = 4; lastKnownFileType = sourcecode.c.objc; path = EPubURLProtocol.m; sourceTree = "<group>"; };
		345DA0E316C334B300E7285C /* EPubURLProtocolBridge.h */ = {isa = PBXFileReference; fileEncoding = 4; lastKnownFileType = sourcecode.c.h; path = EPubURLProtocolBridge.h; sourceTree = "<group>"; };
		345DA0E416C334B300E7285C /* EPubURLProtocolBridge.m */ = {isa = PBXFileReference; fileEncoding = 4; lastKnownFileType = sourcecode.c.objc; path = EPubURLProtocolBridge.m; sourceTree = "<group>"; };
		3462FBBA16BC3C43003C79E1 /* AppDelegate.h */ = {isa = PBXFileReference; fileEncoding = 4; lastKnownFileType = sourcecode.c.h; path = AppDelegate.h; sourceTree = "<group>"; };
		3462FBBB16BC3C43003C79E1 /* AppDelegate.m */ = {isa = PBXFileReference; fileEncoding = 4; lastKnownFileType = sourcecode.c.objc; path = AppDelegate.m; sourceTree = "<group>"; };
		3462FBBC16BC3C43003C79E1 /* main.m */ = {isa = PBXFileReference; fileEncoding = 4; lastKnownFileType = sourcecode.c.objc; path = main.m; sourceTree = "<group>"; };
		3462FBC416BC3C8F003C79E1 /* en */ = {isa = PBXFileReference; lastKnownFileType = text.plist.strings; name = en; path = en.lproj/Localizable.strings; sourceTree = "<group>"; };
		3462FBCA16BC3CD8003C79E1 /* SDKLauncher-iOS-Info.plist */ = {isa = PBXFileReference; fileEncoding = 4; lastKnownFileType = text.plist.xml; path = "SDKLauncher-iOS-Info.plist"; sourceTree = "<group>"; };
		3462FBCB16BC3CD8003C79E1 /* SDKLauncher-iOS-Prefix.pch */ = {isa = PBXFileReference; fileEncoding = 4; lastKnownFileType = sourcecode.c.h; path = "SDKLauncher-iOS-Prefix.pch"; sourceTree = "<group>"; };
		3462FBCD16BC402E003C79E1 /* Icon-72.png */ = {isa = PBXFileReference; lastKnownFileType = image.png; path = "Icon-72.png"; sourceTree = "<group>"; };
		3462FBCE16BC402E003C79E1 /* Icon-72@2x.png */ = {isa = PBXFileReference; lastKnownFileType = image.png; path = "Icon-72@2x.png"; sourceTree = "<group>"; };
		3462FBCF16BC402E003C79E1 /* Icon-Small-50.png */ = {isa = PBXFileReference; lastKnownFileType = image.png; path = "Icon-Small-50.png"; sourceTree = "<group>"; };
		3462FBD016BC402E003C79E1 /* Icon-Small-50@2x.png */ = {isa = PBXFileReference; lastKnownFileType = image.png; path = "Icon-Small-50@2x.png"; sourceTree = "<group>"; };
		3462FBD116BC402E003C79E1 /* Icon-Small.png */ = {isa = PBXFileReference; lastKnownFileType = image.png; path = "Icon-Small.png"; sourceTree = "<group>"; };
		3462FBD216BC402E003C79E1 /* Icon-Small@2x.png */ = {isa = PBXFileReference; lastKnownFileType = image.png; path = "Icon-Small@2x.png"; sourceTree = "<group>"; };
		3462FBD316BC402E003C79E1 /* Icon.png */ = {isa = PBXFileReference; lastKnownFileType = image.png; path = Icon.png; sourceTree = "<group>"; };
		3462FBD416BC402E003C79E1 /* Icon@2x.png */ = {isa = PBXFileReference; lastKnownFileType = image.png; path = "Icon@2x.png"; sourceTree = "<group>"; };
		3462FBDF16BC40F9003C79E1 /* Default-568h@2x.png */ = {isa = PBXFileReference; lastKnownFileType = image.png; path = "Default-568h@2x.png"; sourceTree = "<group>"; };
		3462FBE016BC40F9003C79E1 /* Default-Landscape.png */ = {isa = PBXFileReference; lastKnownFileType = image.png; path = "Default-Landscape.png"; sourceTree = "<group>"; };
		3462FBE116BC40F9003C79E1 /* Default-Landscape@2x.png */ = {isa = PBXFileReference; lastKnownFileType = image.png; path = "Default-Landscape@2x.png"; sourceTree = "<group>"; };
		3462FBE216BC40F9003C79E1 /* Default-Portrait.png */ = {isa = PBXFileReference; lastKnownFileType = image.png; path = "Default-Portrait.png"; sourceTree = "<group>"; };
		3462FBE316BC40F9003C79E1 /* Default-Portrait@2x.png */ = {isa = PBXFileReference; lastKnownFileType = image.png; path = "Default-Portrait@2x.png"; sourceTree = "<group>"; };
		3462FBE416BC40F9003C79E1 /* Default.png */ = {isa = PBXFileReference; lastKnownFileType = image.png; path = Default.png; sourceTree = "<group>"; };
		3462FBE516BC40F9003C79E1 /* Default@2x.png */ = {isa = PBXFileReference; lastKnownFileType = image.png; path = "Default@2x.png"; sourceTree = "<group>"; };
		347C58B216BC873700A647B0 /* ePub3.xcodeproj */ = {isa = PBXFileReference; lastKnownFileType = "wrapper.pb-project"; name = ePub3.xcodeproj; path = "readium-sdk/Platform/Apple/ePub3.xcodeproj"; sourceTree = "<group>"; };
		349AF4B716EA9B1C00253269 /* PackageResourceCache.h */ = {isa = PBXFileReference; fileEncoding = 4; lastKnownFileType = sourcecode.c.h; path = PackageResourceCache.h; sourceTree = "<group>"; };
		349AF4B816EA9B1C00253269 /* PackageResourceCache.m */ = {isa = PBXFileReference; fileEncoding = 4; lastKnownFileType = sourcecode.c.objc; path = PackageResourceCache.m; sourceTree = "<group>"; };
		34A94D9516C060E000FD4143 /* RDSpineItem.h */ = {isa = PBXFileReference; fileEncoding = 4; lastKnownFileType = sourcecode.c.h; path = RDSpineItem.h; sourceTree = "<group>"; };
		34A94D9616C060E000FD4143 /* RDSpineItem.mm */ = {isa = PBXFileReference; fileEncoding = 4; lastKnownFileType = sourcecode.cpp.objcpp; path = RDSpineItem.mm; sourceTree = "<group>"; };
		34B53527170B3E60000D384F /* JavaScript */ = {isa = PBXFileReference; lastKnownFileType = folder; path = JavaScript; sourceTree = "<group>"; };
		34B5457B16BCB07800D14838 /* libxml2.dylib */ = {isa = PBXFileReference; lastKnownFileType = "compiled.mach-o.dylib"; name = libxml2.dylib; path = usr/lib/libxml2.dylib; sourceTree = SDKROOT; };
		34B5457D16BCB08000D14838 /* libz.dylib */ = {isa = PBXFileReference; lastKnownFileType = "compiled.mach-o.dylib"; name = libz.dylib; path = usr/lib/libz.dylib; sourceTree = SDKROOT; };
		34B56B411722DB2200A5A4B8 /* Bookmark.h */ = {isa = PBXFileReference; fileEncoding = 4; lastKnownFileType = sourcecode.c.h; path = Bookmark.h; sourceTree = "<group>"; };
		34B56B421722DB2200A5A4B8 /* Bookmark.m */ = {isa = PBXFileReference; fileEncoding = 4; lastKnownFileType = sourcecode.c.objc; path = Bookmark.m; sourceTree = "<group>"; };
		34B56B4A1722DFB700A5A4B8 /* BookmarkDatabase.h */ = {isa = PBXFileReference; fileEncoding = 4; lastKnownFileType = sourcecode.c.h; path = BookmarkDatabase.h; sourceTree = "<group>"; };
		34B56B4B1722DFB700A5A4B8 /* BookmarkDatabase.m */ = {isa = PBXFileReference; fileEncoding = 4; lastKnownFileType = sourcecode.c.objc; path = BookmarkDatabase.m; sourceTree = "<group>"; };
		34B56B4D1722E54A00A5A4B8 /* Settings.h */ = {isa = PBXFileReference; fileEncoding = 4; lastKnownFileType = sourcecode.c.h; path = Settings.h; sourceTree = "<group>"; };
		34B56B4E1722E54A00A5A4B8 /* Settings.m */ = {isa = PBXFileReference; fileEncoding = 4; lastKnownFileType = sourcecode.c.objc; path = Settings.m; sourceTree = "<group>"; };
		34B56B5A17230FDF00A5A4B8 /* BookmarkListController.h */ = {isa = PBXFileReference; fileEncoding = 4; lastKnownFileType = sourcecode.c.h; path = BookmarkListController.h; sourceTree = "<group>"; };
		34B56B5B17230FDF00A5A4B8 /* BookmarkListController.m */ = {isa = PBXFileReference; fileEncoding = 4; lastKnownFileType = sourcecode.c.objc; path = BookmarkListController.m; sourceTree = "<group>"; };
		34B56B5D1723158E00A5A4B8 /* childrens-literature-20130206.epub */ = {isa = PBXFileReference; lastKnownFileType = file; path = "childrens-literature-20130206.epub"; sourceTree = "<group>"; };
		34C5533716E15C76003A7C23 /* AsyncSocket.h */ = {isa = PBXFileReference; fileEncoding = 4; lastKnownFileType = sourcecode.c.h; path = AsyncSocket.h; sourceTree = "<group>"; };
		34C5533816E15C76003A7C23 /* AsyncSocket.m */ = {isa = PBXFileReference; fileEncoding = 4; lastKnownFileType = sourcecode.c.objc; path = AsyncSocket.m; sourceTree = "<group>"; };
		34C5533A16E15CCB003A7C23 /* HTMLUtil.h */ = {isa = PBXFileReference; fileEncoding = 4; lastKnownFileType = sourcecode.c.h; path = HTMLUtil.h; sourceTree = "<group>"; };
		34C5533B16E15CCB003A7C23 /* HTMLUtil.m */ = {isa = PBXFileReference; fileEncoding = 4; lastKnownFileType = sourcecode.c.objc; path = HTMLUtil.m; sourceTree = "<group>"; };
		34C5533D16E15CDF003A7C23 /* RDPackageResource.h */ = {isa = PBXFileReference; fileEncoding = 4; lastKnownFileType = sourcecode.c.h; path = RDPackageResource.h; sourceTree = "<group>"; };
		34C5533E16E15CDF003A7C23 /* RDPackageResource.mm */ = {isa = PBXFileReference; fileEncoding = 4; lastKnownFileType = sourcecode.cpp.objcpp; path = RDPackageResource.mm; sourceTree = "<group>"; };
		34C5534016E15D08003A7C23 /* CFNetwork.framework */ = {isa = PBXFileReference; lastKnownFileType = wrapper.framework; name = CFNetwork.framework; path = System/Library/Frameworks/CFNetwork.framework; sourceTree = SDKROOT; };
		34C5534216E15D32003A7C23 /* PackageResourceServer.h */ = {isa = PBXFileReference; fileEncoding = 4; lastKnownFileType = sourcecode.c.h; path = PackageResourceServer.h; sourceTree = "<group>"; };
		34C5534316E15D32003A7C23 /* PackageResourceServer.m */ = {isa = PBXFileReference; fileEncoding = 4; lastKnownFileType = sourcecode.c.objc; path = PackageResourceServer.m; sourceTree = "<group>"; };
		34CE0B181720CC0300F55192 /* RDNavigationElement.h */ = {isa = PBXFileReference; fileEncoding = 4; lastKnownFileType = sourcecode.c.h; path = RDNavigationElement.h; sourceTree = "<group>"; };
		34CE0B191720CC0300F55192 /* RDNavigationElement.mm */ = {isa = PBXFileReference; fileEncoding = 4; lastKnownFileType = sourcecode.cpp.objcpp; path = RDNavigationElement.mm; sourceTree = "<group>"; };
		34CE0B1D1720D8FE00F55192 /* NavigationElementController.h */ = {isa = PBXFileReference; fileEncoding = 4; lastKnownFileType = sourcecode.c.h; path = NavigationElementController.h; sourceTree = "<group>"; };
		34CE0B1E1720D8FE00F55192 /* NavigationElementController.m */ = {isa = PBXFileReference; fileEncoding = 4; lastKnownFileType = sourcecode.c.objc; path = NavigationElementController.m; sourceTree = "<group>"; };
/* End PBXFileReference section */

/* Begin PBXFrameworksBuildPhase section */
		340FC15616BC3B4600346A59 /* Frameworks */ = {
			isa = PBXFrameworksBuildPhase;
			buildActionMask = 2147483647;
			files = (
				34C5534116E15D08003A7C23 /* CFNetwork.framework in Frameworks */,
				340FC16116BC3B4600346A59 /* CoreGraphics.framework in Frameworks */,
				340FC15F16BC3B4600346A59 /* Foundation.framework in Frameworks */,
				340FC15D16BC3B4600346A59 /* UIKit.framework in Frameworks */,
				347C58C016BC879400A647B0 /* libePub3-iOS.a in Frameworks */,
				34B5457C16BCB07800D14838 /* libxml2.dylib in Frameworks */,
				34B5457E16BCB08000D14838 /* libz.dylib in Frameworks */,
			);
			runOnlyForDeploymentPostprocessing = 0;
		};
/* End PBXFrameworksBuildPhase section */

/* Begin PBXGroup section */
		3403515F16CE9362009E3B88 /* Injection */ = {
			isa = PBXGroup;
			children = (
				3403516116CE93F2009E3B88 /* reader.css */,
				3403516216CE93F2009E3B88 /* reader.html */,
			);
			name = Injection;
			sourceTree = "<group>";
		};
		340535B716BC728800D4A802 /* EPub */ = {
			isa = PBXGroup;
			children = (
				34B56B5D1723158E00A5A4B8 /* childrens-literature-20130206.epub */,
				340535B816BC729200D4A802 /* moby-dick-20120118.epub */,
				340535BA16BC793700D4A802 /* wasteland-20120118.epub */,
			);
			name = EPub;
			sourceTree = "<group>";
		};
		340FC15016BC3B4600346A59 = {
			isa = PBXGroup;
			children = (
				3462FBB916BC3C43003C79E1 /* Classes */,
				340FC15B16BC3B4600346A59 /* Frameworks */,
				340FC15A16BC3B4600346A59 /* Products */,
				3462FBBF16BC3C8F003C79E1 /* Resources */,
				3462FBC916BC3CBA003C79E1 /* Supporting Files */,
				347C58B216BC873700A647B0 /* ePub3.xcodeproj */,
			);
			sourceTree = "<group>";
		};
		340FC15A16BC3B4600346A59 /* Products */ = {
			isa = PBXGroup;
			children = (
				340FC15916BC3B4600346A59 /* SDKLauncher-iOS.app */,
			);
			name = Products;
			sourceTree = "<group>";
		};
		340FC15B16BC3B4600346A59 /* Frameworks */ = {
			isa = PBXGroup;
			children = (
				34C5534016E15D08003A7C23 /* CFNetwork.framework */,
				340FC16016BC3B4600346A59 /* CoreGraphics.framework */,
				340FC15E16BC3B4600346A59 /* Foundation.framework */,
				340FC15C16BC3B4600346A59 /* UIKit.framework */,
				34B5457B16BCB07800D14838 /* libxml2.dylib */,
				34B5457D16BCB08000D14838 /* libz.dylib */,
			);
			name = Frameworks;
			sourceTree = "<group>";
		};
		345CA3E116C00EE100B8B56A /* Main */ = {
			isa = PBXGroup;
			children = (
				3462FBBA16BC3C43003C79E1 /* AppDelegate.h */,
				3462FBBB16BC3C43003C79E1 /* AppDelegate.m */,
				340535A816BC5DD100D4A802 /* BaseViewController.h */,
				340535A916BC5DD100D4A802 /* BaseViewController.m */,
				34B56B411722DB2200A5A4B8 /* Bookmark.h */,
				34B56B421722DB2200A5A4B8 /* Bookmark.m */,
				34B56B4A1722DFB700A5A4B8 /* BookmarkDatabase.h */,
				34B56B4B1722DFB700A5A4B8 /* BookmarkDatabase.m */,
				34B56B5A17230FDF00A5A4B8 /* BookmarkListController.h */,
				34B56B5B17230FDF00A5A4B8 /* BookmarkListController.m */,
				3403516B16CE9FF2009E3B88 /* BundleURLProtocol.h */,
				3403516C16CE9FF2009E3B88 /* BundleURLProtocol.m */,
				345DA0DB16C310F400E7285C /* Constants.h */,
				345DA0DC16C310F400E7285C /* Constants.m */,
				3413980916C02DE7000912C1 /* ContainerController.h */,
				3413980A16C02DE7000912C1 /* ContainerController.m */,
				340535B416BC669C00D4A802 /* ContainerList.h */,
				340535B516BC669C00D4A802 /* ContainerList.m */,
				340535AB16BC5F4700D4A802 /* ContainerListController.h */,
				340535AC16BC5F4700D4A802 /* ContainerListController.m */,
				345DA0E016C3151E00E7285C /* EPubURLProtocol.h */,
				345DA0E116C3151E00E7285C /* EPubURLProtocol.m */,
				345DA0E316C334B300E7285C /* EPubURLProtocolBridge.h */,
				345DA0E416C334B300E7285C /* EPubURLProtocolBridge.m */,
				3411DF01175FACC000FCE6D9 /* EPubViewController.h */,
				3411DF02175FACC000FCE6D9 /* EPubViewController.m */,
				34C5533A16E15CCB003A7C23 /* HTMLUtil.h */,
				34C5533B16E15CCB003A7C23 /* HTMLUtil.m */,
				340535AE16BC608900D4A802 /* LocStr.h */,
				340535AF16BC608900D4A802 /* LocStr.m */,
				340535B016BC608900D4A802 /* LocStrError.h */,
				340535B116BC608900D4A802 /* LocStrError.m */,
				3462FBBC16BC3C43003C79E1 /* main.m */,
				34CE0B1D1720D8FE00F55192 /* NavigationElementController.h */,
				34CE0B1E1720D8FE00F55192 /* NavigationElementController.m */,
				341652A116C2F85700AFDB8B /* PackageMetadataController.h */,
				341652A216C2F85700AFDB8B /* PackageMetadataController.m */,
				349AF4B716EA9B1C00253269 /* PackageResourceCache.h */,
				349AF4B816EA9B1C00253269 /* PackageResourceCache.m */,
				34C5534216E15D32003A7C23 /* PackageResourceServer.h */,
				34C5534316E15D32003A7C23 /* PackageResourceServer.m */,
				34B56B4D1722E54A00A5A4B8 /* Settings.h */,
				34B56B4E1722E54A00A5A4B8 /* Settings.m */,
				341652A616C2F9E700AFDB8B /* SpineItemListController.h */,
				341652A716C2F9E700AFDB8B /* SpineItemListController.m */,
			);
			name = Main;
			sourceTree = "<group>";
		};
		345CA3E216C00EE600B8B56A /* RDServices */ = {
			isa = PBXGroup;
			children = (
				345CA3E316C00F0500B8B56A /* RDContainer.h */,
				345CA3E416C00F0500B8B56A /* RDContainer.mm */,
				34CE0B181720CC0300F55192 /* RDNavigationElement.h */,
				34CE0B191720CC0300F55192 /* RDNavigationElement.mm */,
				3413980E16C03062000912C1 /* RDPackage.h */,
				3413980F16C03062000912C1 /* RDPackage.mm */,
				34C5533D16E15CDF003A7C23 /* RDPackageResource.h */,
				34C5533E16E15CDF003A7C23 /* RDPackageResource.mm */,
				34A94D9516C060E000FD4143 /* RDSpineItem.h */,
				34A94D9616C060E000FD4143 /* RDSpineItem.mm */,
			);
			name = RDServices;
			sourceTree = "<group>";
		};
		3462FBB916BC3C43003C79E1 /* Classes */ = {
			isa = PBXGroup;
			children = (
				345CA3E116C00EE100B8B56A /* Main */,
				345CA3E216C00EE600B8B56A /* RDServices */,
				34C5533316E15C4B003A7C23 /* ThirdParty */,
			);
			path = Classes;
			sourceTree = "<group>";
		};
		3462FBBF16BC3C8F003C79E1 /* Resources */ = {
			isa = PBXGroup;
			children = (
				3462FBDE16BC4037003C79E1 /* Default */,
				340535B716BC728800D4A802 /* EPub */,
				3462FBDD16BC4031003C79E1 /* Icon */,
				3403515F16CE9362009E3B88 /* Injection */,
				34B53527170B3E60000D384F /* JavaScript */,
				3462FBC316BC3C8F003C79E1 /* Localizable.strings */,
			);
			path = Resources;
			sourceTree = "<group>";
		};
		3462FBC916BC3CBA003C79E1 /* Supporting Files */ = {
			isa = PBXGroup;
			children = (
				3462FBCA16BC3CD8003C79E1 /* SDKLauncher-iOS-Info.plist */,
				3462FBCB16BC3CD8003C79E1 /* SDKLauncher-iOS-Prefix.pch */,
			);
			name = "Supporting Files";
			sourceTree = "<group>";
		};
		3462FBDD16BC4031003C79E1 /* Icon */ = {
			isa = PBXGroup;
			children = (
				3462FBCD16BC402E003C79E1 /* Icon-72.png */,
				3462FBCE16BC402E003C79E1 /* Icon-72@2x.png */,
				3462FBCF16BC402E003C79E1 /* Icon-Small-50.png */,
				3462FBD016BC402E003C79E1 /* Icon-Small-50@2x.png */,
				3462FBD116BC402E003C79E1 /* Icon-Small.png */,
				3462FBD216BC402E003C79E1 /* Icon-Small@2x.png */,
				3462FBD316BC402E003C79E1 /* Icon.png */,
				3462FBD416BC402E003C79E1 /* Icon@2x.png */,
			);
			name = Icon;
			sourceTree = "<group>";
		};
		3462FBDE16BC4037003C79E1 /* Default */ = {
			isa = PBXGroup;
			children = (
				3462FBDF16BC40F9003C79E1 /* Default-568h@2x.png */,
				3462FBE016BC40F9003C79E1 /* Default-Landscape.png */,
				3462FBE116BC40F9003C79E1 /* Default-Landscape@2x.png */,
				3462FBE216BC40F9003C79E1 /* Default-Portrait.png */,
				3462FBE316BC40F9003C79E1 /* Default-Portrait@2x.png */,
				3462FBE416BC40F9003C79E1 /* Default.png */,
				3462FBE516BC40F9003C79E1 /* Default@2x.png */,
			);
			name = Default;
			sourceTree = "<group>";
		};
		347C58B316BC873700A647B0 /* Products */ = {
			isa = PBXGroup;
			children = (
				347C58B916BC873700A647B0 /* ePub3.dylib */,
				347C58BB16BC873700A647B0 /* libePub3-iOS.a */,
				347C58BD16BC873700A647B0 /* UnitTests */,
			);
			name = Products;
			sourceTree = "<group>";
		};
		34C5533316E15C4B003A7C23 /* ThirdParty */ = {
			isa = PBXGroup;
			children = (
				34C5533616E15C54003A7C23 /* AsyncSocket */,
			);
			name = ThirdParty;
			sourceTree = "<group>";
		};
		34C5533616E15C54003A7C23 /* AsyncSocket */ = {
			isa = PBXGroup;
			children = (
				34C5533716E15C76003A7C23 /* AsyncSocket.h */,
				34C5533816E15C76003A7C23 /* AsyncSocket.m */,
			);
			name = AsyncSocket;
			sourceTree = "<group>";
		};
/* End PBXGroup section */

/* Begin PBXNativeTarget section */
		340FC15816BC3B4600346A59 /* SDKLauncher-iOS */ = {
			isa = PBXNativeTarget;
			buildConfigurationList = 340FC17616BC3B4600346A59 /* Build configuration list for PBXNativeTarget "SDKLauncher-iOS" */;
			buildPhases = (
				340FC15516BC3B4600346A59 /* Sources */,
				340FC15616BC3B4600346A59 /* Frameworks */,
				340FC15716BC3B4600346A59 /* Resources */,
			);
			buildRules = (
			);
			dependencies = (
				347C58BF16BC878A00A647B0 /* PBXTargetDependency */,
			);
			name = "SDKLauncher-iOS";
			productName = "SDKLauncher-iOS";
			productReference = 340FC15916BC3B4600346A59 /* SDKLauncher-iOS.app */;
			productType = "com.apple.product-type.application";
		};
/* End PBXNativeTarget section */

/* Begin PBXProject section */
		340FC15116BC3B4600346A59 /* Project object */ = {
			isa = PBXProject;
			attributes = {
				LastUpgradeCheck = 0460;
				ORGANIZATIONNAME = "The Readium Foundation";
			};
			buildConfigurationList = 340FC15416BC3B4600346A59 /* Build configuration list for PBXProject "SDKLauncher-iOS" */;
			compatibilityVersion = "Xcode 3.2";
			developmentRegion = English;
			hasScannedForEncodings = 0;
			knownRegions = (
				en,
			);
			mainGroup = 340FC15016BC3B4600346A59;
			productRefGroup = 340FC15A16BC3B4600346A59 /* Products */;
			projectDirPath = "";
			projectReferences = (
				{
					ProductGroup = 347C58B316BC873700A647B0 /* Products */;
					ProjectRef = 347C58B216BC873700A647B0 /* ePub3.xcodeproj */;
				},
			);
			projectRoot = "";
			targets = (
				340FC15816BC3B4600346A59 /* SDKLauncher-iOS */,
			);
		};
/* End PBXProject section */

/* Begin PBXReferenceProxy section */
		347C58B916BC873700A647B0 /* ePub3.dylib */ = {
			isa = PBXReferenceProxy;
			fileType = "compiled.mach-o.dylib";
			path = ePub3.dylib;
			remoteRef = 347C58B816BC873700A647B0 /* PBXContainerItemProxy */;
			sourceTree = BUILT_PRODUCTS_DIR;
		};
		347C58BB16BC873700A647B0 /* libePub3-iOS.a */ = {
			isa = PBXReferenceProxy;
			fileType = archive.ar;
			path = "libePub3-iOS.a";
			remoteRef = 347C58BA16BC873700A647B0 /* PBXContainerItemProxy */;
			sourceTree = BUILT_PRODUCTS_DIR;
		};
		347C58BD16BC873700A647B0 /* UnitTests */ = {
			isa = PBXReferenceProxy;
			fileType = "compiled.mach-o.executable";
			path = UnitTests;
			remoteRef = 347C58BC16BC873700A647B0 /* PBXContainerItemProxy */;
			sourceTree = BUILT_PRODUCTS_DIR;
		};
/* End PBXReferenceProxy section */

/* Begin PBXResourcesBuildPhase section */
		340FC15716BC3B4600346A59 /* Resources */ = {
			isa = PBXResourcesBuildPhase;
			buildActionMask = 2147483647;
			files = (
				34B56B5E1723158E00A5A4B8 /* childrens-literature-20130206.epub in Resources */,
				3462FBEB16BC40F9003C79E1 /* Default.png in Resources */,
				3462FBEC16BC40F9003C79E1 /* Default@2x.png in Resources */,
				3462FBE616BC40F9003C79E1 /* Default-568h@2x.png in Resources */,
				3462FBE716BC40F9003C79E1 /* Default-Landscape.png in Resources */,
				3462FBE816BC40F9003C79E1 /* Default-Landscape@2x.png in Resources */,
				3462FBE916BC40F9003C79E1 /* Default-Portrait.png in Resources */,
				3462FBEA16BC40F9003C79E1 /* Default-Portrait@2x.png in Resources */,
				3462FBD516BC402E003C79E1 /* Icon-72.png in Resources */,
				3462FBD616BC402E003C79E1 /* Icon-72@2x.png in Resources */,
				3462FBD716BC402E003C79E1 /* Icon-Small-50.png in Resources */,
				3462FBD816BC402E003C79E1 /* Icon-Small-50@2x.png in Resources */,
				3462FBD916BC402E003C79E1 /* Icon-Small.png in Resources */,
				3462FBDA16BC402E003C79E1 /* Icon-Small@2x.png in Resources */,
				3462FBDB16BC402E003C79E1 /* Icon.png in Resources */,
				3462FBDC16BC402E003C79E1 /* Icon@2x.png in Resources */,
				3462FBC816BC3C8F003C79E1 /* Localizable.strings in Resources */,
				340535B916BC729200D4A802 /* moby-dick-20120118.epub in Resources */,
				3403516516CE93F2009E3B88 /* reader.css in Resources */,
				3403516616CE93F2009E3B88 /* reader.html in Resources */,
				340535BB16BC793700D4A802 /* wasteland-20120118.epub in Resources */,
				34B53528170B3E60000D384F /* JavaScript in Resources */,
			);
			runOnlyForDeploymentPostprocessing = 0;
		};
/* End PBXResourcesBuildPhase section */

/* Begin PBXSourcesBuildPhase section */
		340FC15516BC3B4600346A59 /* Sources */ = {
			isa = PBXSourcesBuildPhase;
			buildActionMask = 2147483647;
			files = (
				3462FBBD16BC3C43003C79E1 /* AppDelegate.m in Sources */,
				34C5533916E15C76003A7C23 /* AsyncSocket.m in Sources */,
				340535AA16BC5DD100D4A802 /* BaseViewController.m in Sources */,
				34B56B4C1722DFB700A5A4B8 /* BookmarkDatabase.m in Sources */,
				34B56B5C17230FDF00A5A4B8 /* BookmarkListController.m in Sources */,
				3403516D16CE9FF2009E3B88 /* BundleURLProtocol.m in Sources */,
				345DA0DD16C310F500E7285C /* Constants.m in Sources */,
				3413980B16C02DE7000912C1 /* ContainerController.m in Sources */,
				340535B616BC669C00D4A802 /* ContainerList.m in Sources */,
				340535AD16BC5F4700D4A802 /* ContainerListController.m in Sources */,
				345DA0E216C3151E00E7285C /* EPubURLProtocol.m in Sources */,
				345DA0E516C334B300E7285C /* EPubURLProtocolBridge.m in Sources */,
				34C5533C16E15CCB003A7C23 /* HTMLUtil.m in Sources */,
				340535B216BC608900D4A802 /* LocStr.m in Sources */,
				340535B316BC608900D4A802 /* LocStrError.m in Sources */,
				3462FBBE16BC3C43003C79E1 /* main.m in Sources */,
				34CE0B1F1720D8FE00F55192 /* NavigationElementController.m in Sources */,
				341652A316C2F85700AFDB8B /* PackageMetadataController.m in Sources */,
				349AF4B916EA9B1C00253269 /* PackageResourceCache.m in Sources */,
				34C5534416E15D32003A7C23 /* PackageResourceServer.m in Sources */,
				345CA3E516C00F0500B8B56A /* RDContainer.mm in Sources */,
				34CE0B1A1720CC0300F55192 /* RDNavigationElement.mm in Sources */,
				3413981016C03062000912C1 /* RDPackage.mm in Sources */,
				34C5533F16E15CDF003A7C23 /* RDPackageResource.mm in Sources */,
				34A94D9716C060E000FD4143 /* RDSpineItem.mm in Sources */,
				34B56B4F1722E54A00A5A4B8 /* Settings.m in Sources */,
				341652A816C2F9E700AFDB8B /* SpineItemListController.m in Sources */,
				3411DF03175FACC000FCE6D9 /* EPubViewController.m in Sources */,
				28487F89177DD7F500B53BB7 /* Bookmark.m in Sources */,
			);
			runOnlyForDeploymentPostprocessing = 0;
		};
/* End PBXSourcesBuildPhase section */

/* Begin PBXTargetDependency section */
		347C58BF16BC878A00A647B0 /* PBXTargetDependency */ = {
			isa = PBXTargetDependency;
			name = "ePub3-iOS";
			targetProxy = 347C58BE16BC878A00A647B0 /* PBXContainerItemProxy */;
		};
/* End PBXTargetDependency section */

/* Begin PBXVariantGroup section */
		3462FBC316BC3C8F003C79E1 /* Localizable.strings */ = {
			isa = PBXVariantGroup;
			children = (
				3462FBC416BC3C8F003C79E1 /* en */,
			);
			name = Localizable.strings;
			sourceTree = "<group>";
		};
/* End PBXVariantGroup section */

/* Begin XCBuildConfiguration section */
		340FC17416BC3B4600346A59 /* Debug */ = {
			isa = XCBuildConfiguration;
			buildSettings = {
				ALWAYS_SEARCH_USER_PATHS = NO;
				CLANG_CXX_LANGUAGE_STANDARD = "gnu++0x";
				CLANG_CXX_LIBRARY = "libc++";
				CLANG_WARN_CONSTANT_CONVERSION = YES;
				CLANG_WARN_EMPTY_BODY = YES;
				CLANG_WARN_ENUM_CONVERSION = YES;
				CLANG_WARN_INT_CONVERSION = YES;
				CLANG_WARN_OBJC_MISSING_PROPERTY_SYNTHESIS = YES;
				CLANG_WARN__DUPLICATE_METHOD_MATCH = YES;
				"CODE_SIGN_IDENTITY[sdk=iphoneos*]" = "iPhone Developer";
				COPY_PHASE_STRIP = NO;
				GCC_C_LANGUAGE_STANDARD = gnu99;
				GCC_DYNAMIC_NO_PIC = NO;
				GCC_OPTIMIZATION_LEVEL = 0;
				GCC_PREFIX_HEADER = "SDKLauncher-iOS-Prefix.pch";
				GCC_PREPROCESSOR_DEFINITIONS = (
					"DEBUG=1",
					"$(inherited)",
				);
				GCC_SYMBOLS_PRIVATE_EXTERN = NO;
				GCC_WARN_ABOUT_RETURN_TYPE = YES;
				GCC_WARN_UNINITIALIZED_AUTOS = YES;
				GCC_WARN_UNUSED_VARIABLE = YES;
				HEADER_SEARCH_PATHS = (
					"${SDKROOT}/usr/include/libxml2",
					"readium-sdk/ePub3/**",
				);
				INFOPLIST_FILE = "SDKLauncher-iOS-Info.plist";
				IPHONEOS_DEPLOYMENT_TARGET = 6.0;
				ONLY_ACTIVE_ARCH = YES;
				SDKROOT = iphoneos;
				TARGETED_DEVICE_FAMILY = "1,2";
			};
			name = Debug;
		};
		340FC17516BC3B4600346A59 /* Release */ = {
			isa = XCBuildConfiguration;
			buildSettings = {
				ALWAYS_SEARCH_USER_PATHS = NO;
				CLANG_CXX_LANGUAGE_STANDARD = "gnu++0x";
				CLANG_CXX_LIBRARY = "libc++";
				CLANG_WARN_CONSTANT_CONVERSION = YES;
				CLANG_WARN_EMPTY_BODY = YES;
				CLANG_WARN_ENUM_CONVERSION = YES;
				CLANG_WARN_INT_CONVERSION = YES;
				CLANG_WARN_OBJC_MISSING_PROPERTY_SYNTHESIS = YES;
				CLANG_WARN__DUPLICATE_METHOD_MATCH = YES;
				"CODE_SIGN_IDENTITY[sdk=iphoneos*]" = "iPhone Developer";
				COPY_PHASE_STRIP = YES;
				GCC_C_LANGUAGE_STANDARD = gnu99;
				GCC_PREFIX_HEADER = "SDKLauncher-iOS-Prefix.pch";
				GCC_WARN_ABOUT_RETURN_TYPE = YES;
				GCC_WARN_UNINITIALIZED_AUTOS = YES;
				GCC_WARN_UNUSED_VARIABLE = YES;
				HEADER_SEARCH_PATHS = (
					"${SDKROOT}/usr/include/libxml2",
					"readium-sdk/ePub3/**",
				);
				INFOPLIST_FILE = "SDKLauncher-iOS-Info.plist";
				IPHONEOS_DEPLOYMENT_TARGET = 6.0;
				OTHER_CFLAGS = "-DNS_BLOCK_ASSERTIONS=1";
				SDKROOT = iphoneos;
				TARGETED_DEVICE_FAMILY = "1,2";
				VALIDATE_PRODUCT = YES;
			};
			name = Release;
		};
		340FC17716BC3B4600346A59 /* Debug */ = {
			isa = XCBuildConfiguration;
			buildSettings = {
				CLANG_ENABLE_OBJC_ARC = YES;
				GCC_PRECOMPILE_PREFIX_HEADER = YES;
				HEADER_SEARCH_PATHS = (
					"${SDKROOT}/usr/include/libxml2",
					"${SRCROOT}/readium-sdk/Platform/Apple/include",
				);
				PRODUCT_NAME = "$(TARGET_NAME)";
				WRAPPER_EXTENSION = app;
			};
			name = Debug;
		};
		340FC17816BC3B4600346A59 /* Release */ = {
			isa = XCBuildConfiguration;
			buildSettings = {
				CLANG_ENABLE_OBJC_ARC = YES;
				GCC_PRECOMPILE_PREFIX_HEADER = YES;
				HEADER_SEARCH_PATHS = (
					"${SDKROOT}/usr/include/libxml2",
					"${SRCROOT}/readium-sdk/Platform/Apple/include",
				);
				PRODUCT_NAME = "$(TARGET_NAME)";
				WRAPPER_EXTENSION = app;
			};
			name = Release;
		};
/* End XCBuildConfiguration section */

/* Begin XCConfigurationList section */
		340FC15416BC3B4600346A59 /* Build configuration list for PBXProject "SDKLauncher-iOS" */ = {
			isa = XCConfigurationList;
			buildConfigurations = (
				340FC17416BC3B4600346A59 /* Debug */,
				340FC17516BC3B4600346A59 /* Release */,
			);
			defaultConfigurationIsVisible = 0;
			defaultConfigurationName = Release;
		};
		340FC17616BC3B4600346A59 /* Build configuration list for PBXNativeTarget "SDKLauncher-iOS" */ = {
			isa = XCConfigurationList;
			buildConfigurations = (
				340FC17716BC3B4600346A59 /* Debug */,
				340FC17816BC3B4600346A59 /* Release */,
			);
			defaultConfigurationIsVisible = 0;
			defaultConfigurationName = Release;
		};
/* End XCConfigurationList section */
	};
	rootObject = 340FC15116BC3B4600346A59 /* Project object */;
}
