// !$*UTF8*$!
{
	archiveVersion = 1;
	classes = {
	};
	objectVersion = 46;
	objects = {

/* Begin PBXBuildFile section */
		28487F60177D895D00B53BB7 /* BaseViewController.m in Sources */ = {isa = PBXBuildFile; fileRef = 28487F27177D895D00B53BB7 /* BaseViewController.m */; };
		28487F62177D895D00B53BB7 /* BookmarkListController.m in Sources */ = {isa = PBXBuildFile; fileRef = 28487F2B177D895D00B53BB7 /* BookmarkListController.m */; };
		28487F63177D895D00B53BB7 /* ContainerController.m in Sources */ = {isa = PBXBuildFile; fileRef = 28487F2D177D895D00B53BB7 /* ContainerController.m */; };
		28487F65177D895D00B53BB7 /* ContainerListController.m in Sources */ = {isa = PBXBuildFile; fileRef = 28487F31177D895D00B53BB7 /* ContainerListController.m */; };
		28487F66177D895D00B53BB7 /* EPubViewController.m in Sources */ = {isa = PBXBuildFile; fileRef = 28487F33177D895D00B53BB7 /* EPubViewController.m */; };
		28487F67177D895D00B53BB7 /* NavigationElementController.m in Sources */ = {isa = PBXBuildFile; fileRef = 28487F35177D895D00B53BB7 /* NavigationElementController.m */; };
		28487F68177D895D00B53BB7 /* PackageMetadataController.m in Sources */ = {isa = PBXBuildFile; fileRef = 28487F37177D895D00B53BB7 /* PackageMetadataController.m */; };
		28487F69177D895D00B53BB7 /* SpineItemListController.m in Sources */ = {isa = PBXBuildFile; fileRef = 28487F39177D895D00B53BB7 /* SpineItemListController.m */; };
		28487F6A177D895D00B53BB7 /* Bookmark.m in Sources */ = {isa = PBXBuildFile; fileRef = 28487F3C177D895D00B53BB7 /* Bookmark.m */; };
		28487F6B177D895D00B53BB7 /* BundleURLProtocol.m in Sources */ = {isa = PBXBuildFile; fileRef = 28487F3E177D895D00B53BB7 /* BundleURLProtocol.m */; };
		28487F6C177D895D00B53BB7 /* Constants.m in Sources */ = {isa = PBXBuildFile; fileRef = 28487F40177D895D00B53BB7 /* Constants.m */; };
		28487F6D177D895D00B53BB7 /* EPubURLProtocol.m in Sources */ = {isa = PBXBuildFile; fileRef = 28487F42177D895D00B53BB7 /* EPubURLProtocol.m */; };
		28487F6E177D895D00B53BB7 /* EPubURLProtocolBridge.m in Sources */ = {isa = PBXBuildFile; fileRef = 28487F44177D895D00B53BB7 /* EPubURLProtocolBridge.m */; };
		28487F6F177D895D00B53BB7 /* HTMLUtil.m in Sources */ = {isa = PBXBuildFile; fileRef = 28487F46177D895D00B53BB7 /* HTMLUtil.m */; };
		28487F70177D895D00B53BB7 /* LocStr.m in Sources */ = {isa = PBXBuildFile; fileRef = 28487F48177D895D00B53BB7 /* LocStr.m */; };
		28487F71177D895D00B53BB7 /* LocStrError.m in Sources */ = {isa = PBXBuildFile; fileRef = 28487F4A177D895D00B53BB7 /* LocStrError.m */; };
		28487F72177D895D00B53BB7 /* PackageResourceCache.m in Sources */ = {isa = PBXBuildFile; fileRef = 28487F4C177D895D00B53BB7 /* PackageResourceCache.m */; };
		28487F73177D895D00B53BB7 /* PackageResourceServer.m in Sources */ = {isa = PBXBuildFile; fileRef = 28487F4E177D895D00B53BB7 /* PackageResourceServer.m */; };
		28487F74177D895D00B53BB7 /* Settings.m in Sources */ = {isa = PBXBuildFile; fileRef = 28487F50177D895D00B53BB7 /* Settings.m */; };
		28487F75177D895D00B53BB7 /* RDContainer.mm in Sources */ = {isa = PBXBuildFile; fileRef = 28487F53177D895D00B53BB7 /* RDContainer.mm */; };
		28487F76177D895D00B53BB7 /* RDNavigationElement.mm in Sources */ = {isa = PBXBuildFile; fileRef = 28487F55177D895D00B53BB7 /* RDNavigationElement.mm */; };
		28487F77177D895D00B53BB7 /* RDPackage.mm in Sources */ = {isa = PBXBuildFile; fileRef = 28487F57177D895D00B53BB7 /* RDPackage.mm */; };
		28487F78177D895D00B53BB7 /* RDPackageResource.mm in Sources */ = {isa = PBXBuildFile; fileRef = 28487F59177D895D00B53BB7 /* RDPackageResource.mm */; };
		28487F79177D895D00B53BB7 /* RDSpineItem.mm in Sources */ = {isa = PBXBuildFile; fileRef = 28487F5B177D895D00B53BB7 /* RDSpineItem.mm */; };
		28487F7A177D895D00B53BB7 /* AsyncSocket.m in Sources */ = {isa = PBXBuildFile; fileRef = 28487F5F177D895D00B53BB7 /* AsyncSocket.m */; };
		28487F7F177D8A9100B53BB7 /* BookmarkDatabase.m in Sources */ = {isa = PBXBuildFile; fileRef = 28487F7C177D8A9100B53BB7 /* BookmarkDatabase.m */; };
		28487F80177D8A9100B53BB7 /* ContainerList.m in Sources */ = {isa = PBXBuildFile; fileRef = 28487F7E177D8A9100B53BB7 /* ContainerList.m */; };
		3403516516CE93F2009E3B88 /* reader.css in Resources */ = {isa = PBXBuildFile; fileRef = 3403516116CE93F2009E3B88 /* reader.css */; };
		3403516616CE93F2009E3B88 /* reader.html in Resources */ = {isa = PBXBuildFile; fileRef = 3403516216CE93F2009E3B88 /* reader.html */; };
		340535B916BC729200D4A802 /* moby-dick-20120118.epub in Resources */ = {isa = PBXBuildFile; fileRef = 340535B816BC729200D4A802 /* moby-dick-20120118.epub */; };
		340535BB16BC793700D4A802 /* wasteland-20120118.epub in Resources */ = {isa = PBXBuildFile; fileRef = 340535BA16BC793700D4A802 /* wasteland-20120118.epub */; };
		340FC15D16BC3B4600346A59 /* UIKit.framework in Frameworks */ = {isa = PBXBuildFile; fileRef = 340FC15C16BC3B4600346A59 /* UIKit.framework */; };
		340FC15F16BC3B4600346A59 /* Foundation.framework in Frameworks */ = {isa = PBXBuildFile; fileRef = 340FC15E16BC3B4600346A59 /* Foundation.framework */; };
		340FC16116BC3B4600346A59 /* CoreGraphics.framework in Frameworks */ = {isa = PBXBuildFile; fileRef = 340FC16016BC3B4600346A59 /* CoreGraphics.framework */; };
		3462FBBD16BC3C43003C79E1 /* AppDelegate.m in Sources */ = {isa = PBXBuildFile; fileRef = 3462FBBB16BC3C43003C79E1 /* AppDelegate.m */; };
		3462FBBE16BC3C43003C79E1 /* main.m in Sources */ = {isa = PBXBuildFile; fileRef = 3462FBBC16BC3C43003C79E1 /* main.m */; };
		3462FBC816BC3C8F003C79E1 /* Localizable.strings in Resources */ = {isa = PBXBuildFile; fileRef = 3462FBC316BC3C8F003C79E1 /* Localizable.strings */; };
		3462FBD516BC402E003C79E1 /* Icon-72.png in Resources */ = {isa = PBXBuildFile; fileRef = 3462FBCD16BC402E003C79E1 /* Icon-72.png */; };
		3462FBD616BC402E003C79E1 /* Icon-72@2x.png in Resources */ = {isa = PBXBuildFile; fileRef = 3462FBCE16BC402E003C79E1 /* Icon-72@2x.png */; };
		3462FBD716BC402E003C79E1 /* Icon-Small-50.png in Resources */ = {isa = PBXBuildFile; fileRef = 3462FBCF16BC402E003C79E1 /* Icon-Small-50.png */; };
		3462FBD816BC402E003C79E1 /* Icon-Small-50@2x.png in Resources */ = {isa = PBXBuildFile; fileRef = 3462FBD016BC402E003C79E1 /* Icon-Small-50@2x.png */; };
		3462FBD916BC402E003C79E1 /* Icon-Small.png in Resources */ = {isa = PBXBuildFile; fileRef = 3462FBD116BC402E003C79E1 /* Icon-Small.png */; };
		3462FBDA16BC402E003C79E1 /* Icon-Small@2x.png in Resources */ = {isa = PBXBuildFile; fileRef = 3462FBD216BC402E003C79E1 /* Icon-Small@2x.png */; };
		3462FBDB16BC402E003C79E1 /* Icon.png in Resources */ = {isa = PBXBuildFile; fileRef = 3462FBD316BC402E003C79E1 /* Icon.png */; };
		3462FBDC16BC402E003C79E1 /* Icon@2x.png in Resources */ = {isa = PBXBuildFile; fileRef = 3462FBD416BC402E003C79E1 /* Icon@2x.png */; };
		3462FBE616BC40F9003C79E1 /* Default-568h@2x.png in Resources */ = {isa = PBXBuildFile; fileRef = 3462FBDF16BC40F9003C79E1 /* Default-568h@2x.png */; };
		3462FBE716BC40F9003C79E1 /* Default-Landscape.png in Resources */ = {isa = PBXBuildFile; fileRef = 3462FBE016BC40F9003C79E1 /* Default-Landscape.png */; };
		3462FBE816BC40F9003C79E1 /* Default-Landscape@2x.png in Resources */ = {isa = PBXBuildFile; fileRef = 3462FBE116BC40F9003C79E1 /* Default-Landscape@2x.png */; };
		3462FBE916BC40F9003C79E1 /* Default-Portrait.png in Resources */ = {isa = PBXBuildFile; fileRef = 3462FBE216BC40F9003C79E1 /* Default-Portrait.png */; };
		3462FBEA16BC40F9003C79E1 /* Default-Portrait@2x.png in Resources */ = {isa = PBXBuildFile; fileRef = 3462FBE316BC40F9003C79E1 /* Default-Portrait@2x.png */; };
		3462FBEB16BC40F9003C79E1 /* Default.png in Resources */ = {isa = PBXBuildFile; fileRef = 3462FBE416BC40F9003C79E1 /* Default.png */; };
		3462FBEC16BC40F9003C79E1 /* Default@2x.png in Resources */ = {isa = PBXBuildFile; fileRef = 3462FBE516BC40F9003C79E1 /* Default@2x.png */; };
		347C58C016BC879400A647B0 /* libePub3-iOS.a in Frameworks */ = {isa = PBXBuildFile; fileRef = 347C58BB16BC873700A647B0 /* libePub3-iOS.a */; };
		34B53528170B3E60000D384F /* JavaScript in Resources */ = {isa = PBXBuildFile; fileRef = 34B53527170B3E60000D384F /* JavaScript */; };
		34B5457C16BCB07800D14838 /* libxml2.dylib in Frameworks */ = {isa = PBXBuildFile; fileRef = 34B5457B16BCB07800D14838 /* libxml2.dylib */; };
		34B5457E16BCB08000D14838 /* libz.dylib in Frameworks */ = {isa = PBXBuildFile; fileRef = 34B5457D16BCB08000D14838 /* libz.dylib */; };
		34B56B5E1723158E00A5A4B8 /* childrens-literature-20130206.epub in Resources */ = {isa = PBXBuildFile; fileRef = 34B56B5D1723158E00A5A4B8 /* childrens-literature-20130206.epub */; };
		34C5534116E15D08003A7C23 /* CFNetwork.framework in Frameworks */ = {isa = PBXBuildFile; fileRef = 34C5534016E15D08003A7C23 /* CFNetwork.framework */; };
/* End PBXBuildFile section */

/* Begin PBXContainerItemProxy section */
		347C58B816BC873700A647B0 /* PBXContainerItemProxy */ = {
			isa = PBXContainerItemProxy;
			containerPortal = 347C58B216BC873700A647B0 /* ePub3.xcodeproj */;
			proxyType = 2;
			remoteGlobalIDString = ABA72C241655382E003125FF;
			remoteInfo = ePub3;
		};
		347C58BA16BC873700A647B0 /* PBXContainerItemProxy */ = {
			isa = PBXContainerItemProxy;
			containerPortal = 347C58B216BC873700A647B0 /* ePub3.xcodeproj */;
			proxyType = 2;
			remoteGlobalIDString = ABA4BAE016ADF5A600161B77;
			remoteInfo = "ePub3-iOS";
		};
		347C58BC16BC873700A647B0 /* PBXContainerItemProxy */ = {
			isa = PBXContainerItemProxy;
			containerPortal = 347C58B216BC873700A647B0 /* ePub3.xcodeproj */;
			proxyType = 2;
			remoteGlobalIDString = AB61CE4A1694845700299BB1;
			remoteInfo = UnitTests;
		};
		347C58BE16BC878A00A647B0 /* PBXContainerItemProxy */ = {
			isa = PBXContainerItemProxy;
			containerPortal = 347C58B216BC873700A647B0 /* ePub3.xcodeproj */;
			proxyType = 1;
			remoteGlobalIDString = ABA4BADF16ADF5A600161B77;
			remoteInfo = "ePub3-iOS";
		};
/* End PBXContainerItemProxy section */

/* Begin PBXFileReference section */
		28487F26177D895D00B53BB7 /* BaseViewController.h */ = {isa = PBXFileReference; fileEncoding = 4; lastKnownFileType = sourcecode.c.h; path = BaseViewController.h; sourceTree = "<group>"; };
		28487F27177D895D00B53BB7 /* BaseViewController.m */ = {isa = PBXFileReference; fileEncoding = 4; lastKnownFileType = sourcecode.c.objc; path = BaseViewController.m; sourceTree = "<group>"; };
		28487F2A177D895D00B53BB7 /* BookmarkListController.h */ = {isa = PBXFileReference; fileEncoding = 4; lastKnownFileType = sourcecode.c.h; path = BookmarkListController.h; sourceTree = "<group>"; };
		28487F2B177D895D00B53BB7 /* BookmarkListController.m */ = {isa = PBXFileReference; fileEncoding = 4; lastKnownFileType = sourcecode.c.objc; path = BookmarkListController.m; sourceTree = "<group>"; };
		28487F2C177D895D00B53BB7 /* ContainerController.h */ = {isa = PBXFileReference; fileEncoding = 4; lastKnownFileType = sourcecode.c.h; path = ContainerController.h; sourceTree = "<group>"; };
		28487F2D177D895D00B53BB7 /* ContainerController.m */ = {isa = PBXFileReference; fileEncoding = 4; lastKnownFileType = sourcecode.c.objc; path = ContainerController.m; sourceTree = "<group>"; };
		28487F30177D895D00B53BB7 /* ContainerListController.h */ = {isa = PBXFileReference; fileEncoding = 4; lastKnownFileType = sourcecode.c.h; path = ContainerListController.h; sourceTree = "<group>"; };
		28487F31177D895D00B53BB7 /* ContainerListController.m */ = {isa = PBXFileReference; fileEncoding = 4; lastKnownFileType = sourcecode.c.objc; path = ContainerListController.m; sourceTree = "<group>"; };
		28487F32177D895D00B53BB7 /* EPubViewController.h */ = {isa = PBXFileReference; fileEncoding = 4; lastKnownFileType = sourcecode.c.h; path = EPubViewController.h; sourceTree = "<group>"; };
		28487F33177D895D00B53BB7 /* EPubViewController.m */ = {isa = PBXFileReference; fileEncoding = 4; lastKnownFileType = sourcecode.c.objc; path = EPubViewController.m; sourceTree = "<group>"; };
		28487F34177D895D00B53BB7 /* NavigationElementController.h */ = {isa = PBXFileReference; fileEncoding = 4; lastKnownFileType = sourcecode.c.h; path = NavigationElementController.h; sourceTree = "<group>"; };
		28487F35177D895D00B53BB7 /* NavigationElementController.m */ = {isa = PBXFileReference; fileEncoding = 4; lastKnownFileType = sourcecode.c.objc; path = NavigationElementController.m; sourceTree = "<group>"; };
		28487F36177D895D00B53BB7 /* PackageMetadataController.h */ = {isa = PBXFileReference; fileEncoding = 4; lastKnownFileType = sourcecode.c.h; path = PackageMetadataController.h; sourceTree = "<group>"; };
		28487F37177D895D00B53BB7 /* PackageMetadataController.m */ = {isa = PBXFileReference; fileEncoding = 4; lastKnownFileType = sourcecode.c.objc; path = PackageMetadataController.m; sourceTree = "<group>"; };
		28487F38177D895D00B53BB7 /* SpineItemListController.h */ = {isa = PBXFileReference; fileEncoding = 4; lastKnownFileType = sourcecode.c.h; path = SpineItemListController.h; sourceTree = "<group>"; };
		28487F39177D895D00B53BB7 /* SpineItemListController.m */ = {isa = PBXFileReference; fileEncoding = 4; lastKnownFileType = sourcecode.c.objc; path = SpineItemListController.m; sourceTree = "<group>"; };
		28487F3B177D895D00B53BB7 /* Bookmark.h */ = {isa = PBXFileReference; fileEncoding = 4; lastKnownFileType = sourcecode.c.h; path = Bookmark.h; sourceTree = "<group>"; };
		28487F3C177D895D00B53BB7 /* Bookmark.m */ = {isa = PBXFileReference; fileEncoding = 4; lastKnownFileType = sourcecode.c.objc; path = Bookmark.m; sourceTree = "<group>"; };
		28487F3D177D895D00B53BB7 /* BundleURLProtocol.h */ = {isa = PBXFileReference; fileEncoding = 4; lastKnownFileType = sourcecode.c.h; path = BundleURLProtocol.h; sourceTree = "<group>"; };
		28487F3E177D895D00B53BB7 /* BundleURLProtocol.m */ = {isa = PBXFileReference; fileEncoding = 4; lastKnownFileType = sourcecode.c.objc; path = BundleURLProtocol.m; sourceTree = "<group>"; };
		28487F3F177D895D00B53BB7 /* Constants.h */ = {isa = PBXFileReference; fileEncoding = 4; lastKnownFileType = sourcecode.c.h; path = Constants.h; sourceTree = "<group>"; };
		28487F40177D895D00B53BB7 /* Constants.m */ = {isa = PBXFileReference; fileEncoding = 4; lastKnownFileType = sourcecode.c.objc; path = Constants.m; sourceTree = "<group>"; };
		28487F41177D895D00B53BB7 /* EPubURLProtocol.h */ = {isa = PBXFileReference; fileEncoding = 4; lastKnownFileType = sourcecode.c.h; path = EPubURLProtocol.h; sourceTree = "<group>"; };
		28487F42177D895D00B53BB7 /* EPubURLProtocol.m */ = {isa = PBXFileReference; fileEncoding = 4; lastKnownFileType = sourcecode.c.objc; path = EPubURLProtocol.m; sourceTree = "<group>"; };
		28487F43177D895D00B53BB7 /* EPubURLProtocolBridge.h */ = {isa = PBXFileReference; fileEncoding = 4; lastKnownFileType = sourcecode.c.h; path = EPubURLProtocolBridge.h; sourceTree = "<group>"; };
		28487F44177D895D00B53BB7 /* EPubURLProtocolBridge.m */ = {isa = PBXFileReference; fileEncoding = 4; lastKnownFileType = sourcecode.c.objc; path = EPubURLProtocolBridge.m; sourceTree = "<group>"; };
		28487F45177D895D00B53BB7 /* HTMLUtil.h */ = {isa = PBXFileReference; fileEncoding = 4; lastKnownFileType = sourcecode.c.h; path = HTMLUtil.h; sourceTree = "<group>"; };
		28487F46177D895D00B53BB7 /* HTMLUtil.m */ = {isa = PBXFileReference; fileEncoding = 4; lastKnownFileType = sourcecode.c.objc; path = HTMLUtil.m; sourceTree = "<group>"; };
		28487F47177D895D00B53BB7 /* LocStr.h */ = {isa = PBXFileReference; fileEncoding = 4; lastKnownFileType = sourcecode.c.h; path = LocStr.h; sourceTree = "<group>"; };
		28487F48177D895D00B53BB7 /* LocStr.m */ = {isa = PBXFileReference; fileEncoding = 4; lastKnownFileType = sourcecode.c.objc; path = LocStr.m; sourceTree = "<group>"; };
		28487F49177D895D00B53BB7 /* LocStrError.h */ = {isa = PBXFileReference; fileEncoding = 4; lastKnownFileType = sourcecode.c.h; path = LocStrError.h; sourceTree = "<group>"; };
		28487F4A177D895D00B53BB7 /* LocStrError.m */ = {isa = PBXFileReference; fileEncoding = 4; lastKnownFileType = sourcecode.c.objc; path = LocStrError.m; sourceTree = "<group>"; };
		28487F4B177D895D00B53BB7 /* PackageResourceCache.h */ = {isa = PBXFileReference; fileEncoding = 4; lastKnownFileType = sourcecode.c.h; path = PackageResourceCache.h; sourceTree = "<group>"; };
		28487F4C177D895D00B53BB7 /* PackageResourceCache.m */ = {isa = PBXFileReference; fileEncoding = 4; lastKnownFileType = sourcecode.c.objc; path = PackageResourceCache.m; sourceTree = "<group>"; };
		28487F4D177D895D00B53BB7 /* PackageResourceServer.h */ = {isa = PBXFileReference; fileEncoding = 4; lastKnownFileType = sourcecode.c.h; path = PackageResourceServer.h; sourceTree = "<group>"; };
		28487F4E177D895D00B53BB7 /* PackageResourceServer.m */ = {isa = PBXFileReference; fileEncoding = 4; lastKnownFileType = sourcecode.c.objc; path = PackageResourceServer.m; sourceTree = "<group>"; };
		28487F4F177D895D00B53BB7 /* Settings.h */ = {isa = PBXFileReference; fileEncoding = 4; lastKnownFileType = sourcecode.c.h; path = Settings.h; sourceTree = "<group>"; };
		28487F50177D895D00B53BB7 /* Settings.m */ = {isa = PBXFileReference; fileEncoding = 4; lastKnownFileType = sourcecode.c.objc; path = Settings.m; sourceTree = "<group>"; };
		28487F52177D895D00B53BB7 /* RDContainer.h */ = {isa = PBXFileReference; fileEncoding = 4; lastKnownFileType = sourcecode.c.h; path = RDContainer.h; sourceTree = "<group>"; };
		28487F53177D895D00B53BB7 /* RDContainer.mm */ = {isa = PBXFileReference; fileEncoding = 4; lastKnownFileType = sourcecode.cpp.objcpp; path = RDContainer.mm; sourceTree = "<group>"; };
		28487F54177D895D00B53BB7 /* RDNavigationElement.h */ = {isa = PBXFileReference; fileEncoding = 4; lastKnownFileType = sourcecode.c.h; path = RDNavigationElement.h; sourceTree = "<group>"; };
		28487F55177D895D00B53BB7 /* RDNavigationElement.mm */ = {isa = PBXFileReference; fileEncoding = 4; lastKnownFileType = sourcecode.cpp.objcpp; path = RDNavigationElement.mm; sourceTree = "<group>"; };
		28487F56177D895D00B53BB7 /* RDPackage.h */ = {isa = PBXFileReference; fileEncoding = 4; lastKnownFileType = sourcecode.c.h; path = RDPackage.h; sourceTree = "<group>"; };
		28487F57177D895D00B53BB7 /* RDPackage.mm */ = {isa = PBXFileReference; fileEncoding = 4; lastKnownFileType = sourcecode.cpp.objcpp; path = RDPackage.mm; sourceTree = "<group>"; };
		28487F58177D895D00B53BB7 /* RDPackageResource.h */ = {isa = PBXFileReference; fileEncoding = 4; lastKnownFileType = sourcecode.c.h; path = RDPackageResource.h; sourceTree = "<group>"; };
		28487F59177D895D00B53BB7 /* RDPackageResource.mm */ = {isa = PBXFileReference; fileEncoding = 4; lastKnownFileType = sourcecode.cpp.objcpp; path = RDPackageResource.mm; sourceTree = "<group>"; };
		28487F5A177D895D00B53BB7 /* RDSpineItem.h */ = {isa = PBXFileReference; fileEncoding = 4; lastKnownFileType = sourcecode.c.h; path = RDSpineItem.h; sourceTree = "<group>"; };
		28487F5B177D895D00B53BB7 /* RDSpineItem.mm */ = {isa = PBXFileReference; fileEncoding = 4; lastKnownFileType = sourcecode.cpp.objcpp; path = RDSpineItem.mm; sourceTree = "<group>"; };
		28487F5E177D895D00B53BB7 /* AsyncSocket.h */ = {isa = PBXFileReference; fileEncoding = 4; lastKnownFileType = sourcecode.c.h; path = AsyncSocket.h; sourceTree = "<group>"; };
		28487F5F177D895D00B53BB7 /* AsyncSocket.m */ = {isa = PBXFileReference; fileEncoding = 4; lastKnownFileType = sourcecode.c.objc; path = AsyncSocket.m; sourceTree = "<group>"; };
		28487F7B177D8A9100B53BB7 /* BookmarkDatabase.h */ = {isa = PBXFileReference; fileEncoding = 4; lastKnownFileType = sourcecode.c.h; path = BookmarkDatabase.h; sourceTree = "<group>"; };
		28487F7C177D8A9100B53BB7 /* BookmarkDatabase.m */ = {isa = PBXFileReference; fileEncoding = 4; lastKnownFileType = sourcecode.c.objc; path = BookmarkDatabase.m; sourceTree = "<group>"; };
		28487F7D177D8A9100B53BB7 /* ContainerList.h */ = {isa = PBXFileReference; fileEncoding = 4; lastKnownFileType = sourcecode.c.h; path = ContainerList.h; sourceTree = "<group>"; };
		28487F7E177D8A9100B53BB7 /* ContainerList.m */ = {isa = PBXFileReference; fileEncoding = 4; lastKnownFileType = sourcecode.c.objc; path = ContainerList.m; sourceTree = "<group>"; };
		3403516116CE93F2009E3B88 /* reader.css */ = {isa = PBXFileReference; fileEncoding = 4; lastKnownFileType = text.css; path = reader.css; sourceTree = "<group>"; };
		3403516216CE93F2009E3B88 /* reader.html */ = {isa = PBXFileReference; fileEncoding = 4; lastKnownFileType = text.html; path = reader.html; sourceTree = "<group>"; };
		340535B816BC729200D4A802 /* moby-dick-20120118.epub */ = {isa = PBXFileReference; lastKnownFileType = file; path = "moby-dick-20120118.epub"; sourceTree = "<group>"; };
		340535BA16BC793700D4A802 /* wasteland-20120118.epub */ = {isa = PBXFileReference; lastKnownFileType = file; path = "wasteland-20120118.epub"; sourceTree = "<group>"; };
		340FC15916BC3B4600346A59 /* SDKLauncher-iOS.app */ = {isa = PBXFileReference; explicitFileType = wrapper.application; includeInIndex = 0; path = "SDKLauncher-iOS.app"; sourceTree = BUILT_PRODUCTS_DIR; };
		340FC15C16BC3B4600346A59 /* UIKit.framework */ = {isa = PBXFileReference; lastKnownFileType = wrapper.framework; name = UIKit.framework; path = System/Library/Frameworks/UIKit.framework; sourceTree = SDKROOT; };
		340FC15E16BC3B4600346A59 /* Foundation.framework */ = {isa = PBXFileReference; lastKnownFileType = wrapper.framework; name = Foundation.framework; path = System/Library/Frameworks/Foundation.framework; sourceTree = SDKROOT; };
		340FC16016BC3B4600346A59 /* CoreGraphics.framework */ = {isa = PBXFileReference; lastKnownFileType = wrapper.framework; name = CoreGraphics.framework; path = System/Library/Frameworks/CoreGraphics.framework; sourceTree = SDKROOT; };
		3462FBBA16BC3C43003C79E1 /* AppDelegate.h */ = {isa = PBXFileReference; fileEncoding = 4; lastKnownFileType = sourcecode.c.h; path = AppDelegate.h; sourceTree = "<group>"; };
		3462FBBB16BC3C43003C79E1 /* AppDelegate.m */ = {isa = PBXFileReference; fileEncoding = 4; lastKnownFileType = sourcecode.c.objc; path = AppDelegate.m; sourceTree = "<group>"; };
		3462FBBC16BC3C43003C79E1 /* main.m */ = {isa = PBXFileReference; fileEncoding = 4; lastKnownFileType = sourcecode.c.objc; path = main.m; sourceTree = "<group>"; };
		3462FBC416BC3C8F003C79E1 /* en */ = {isa = PBXFileReference; lastKnownFileType = text.plist.strings; name = en; path = en.lproj/Localizable.strings; sourceTree = "<group>"; };
		3462FBCA16BC3CD8003C79E1 /* SDKLauncher-iOS-Info.plist */ = {isa = PBXFileReference; fileEncoding = 4; lastKnownFileType = text.plist.xml; path = "SDKLauncher-iOS-Info.plist"; sourceTree = "<group>"; };
		3462FBCB16BC3CD8003C79E1 /* SDKLauncher-iOS-Prefix.pch */ = {isa = PBXFileReference; fileEncoding = 4; lastKnownFileType = sourcecode.c.h; path = "SDKLauncher-iOS-Prefix.pch"; sourceTree = "<group>"; };
		3462FBCD16BC402E003C79E1 /* Icon-72.png */ = {isa = PBXFileReference; lastKnownFileType = image.png; path = "Icon-72.png"; sourceTree = "<group>"; };
		3462FBCE16BC402E003C79E1 /* Icon-72@2x.png */ = {isa = PBXFileReference; lastKnownFileType = image.png; path = "Icon-72@2x.png"; sourceTree = "<group>"; };
		3462FBCF16BC402E003C79E1 /* Icon-Small-50.png */ = {isa = PBXFileReference; lastKnownFileType = image.png; path = "Icon-Small-50.png"; sourceTree = "<group>"; };
		3462FBD016BC402E003C79E1 /* Icon-Small-50@2x.png */ = {isa = PBXFileReference; lastKnownFileType = image.png; path = "Icon-Small-50@2x.png"; sourceTree = "<group>"; };
		3462FBD116BC402E003C79E1 /* Icon-Small.png */ = {isa = PBXFileReference; lastKnownFileType = image.png; path = "Icon-Small.png"; sourceTree = "<group>"; };
		3462FBD216BC402E003C79E1 /* Icon-Small@2x.png */ = {isa = PBXFileReference; lastKnownFileType = image.png; path = "Icon-Small@2x.png"; sourceTree = "<group>"; };
		3462FBD316BC402E003C79E1 /* Icon.png */ = {isa = PBXFileReference; lastKnownFileType = image.png; path = Icon.png; sourceTree = "<group>"; };
		3462FBD416BC402E003C79E1 /* Icon@2x.png */ = {isa = PBXFileReference; lastKnownFileType = image.png; path = "Icon@2x.png"; sourceTree = "<group>"; };
		3462FBDF16BC40F9003C79E1 /* Default-568h@2x.png */ = {isa = PBXFileReference; lastKnownFileType = image.png; path = "Default-568h@2x.png"; sourceTree = "<group>"; };
		3462FBE016BC40F9003C79E1 /* Default-Landscape.png */ = {isa = PBXFileReference; lastKnownFileType = image.png; path = "Default-Landscape.png"; sourceTree = "<group>"; };
		3462FBE116BC40F9003C79E1 /* Default-Landscape@2x.png */ = {isa = PBXFileReference; lastKnownFileType = image.png; path = "Default-Landscape@2x.png"; sourceTree = "<group>"; };
		3462FBE216BC40F9003C79E1 /* Default-Portrait.png */ = {isa = PBXFileReference; lastKnownFileType = image.png; path = "Default-Portrait.png"; sourceTree = "<group>"; };
		3462FBE316BC40F9003C79E1 /* Default-Portrait@2x.png */ = {isa = PBXFileReference; lastKnownFileType = image.png; path = "Default-Portrait@2x.png"; sourceTree = "<group>"; };
		3462FBE416BC40F9003C79E1 /* Default.png */ = {isa = PBXFileReference; lastKnownFileType = image.png; path = Default.png; sourceTree = "<group>"; };
		3462FBE516BC40F9003C79E1 /* Default@2x.png */ = {isa = PBXFileReference; lastKnownFileType = image.png; path = "Default@2x.png"; sourceTree = "<group>"; };
		347C58B216BC873700A647B0 /* ePub3.xcodeproj */ = {isa = PBXFileReference; lastKnownFileType = "wrapper.pb-project"; name = ePub3.xcodeproj; path = "readium-sdk/Platform/Apple/ePub3.xcodeproj"; sourceTree = "<group>"; };
		34B53527170B3E60000D384F /* JavaScript */ = {isa = PBXFileReference; lastKnownFileType = folder; path = JavaScript; sourceTree = "<group>"; };
		34B5457B16BCB07800D14838 /* libxml2.dylib */ = {isa = PBXFileReference; lastKnownFileType = "compiled.mach-o.dylib"; name = libxml2.dylib; path = usr/lib/libxml2.dylib; sourceTree = SDKROOT; };
		34B5457D16BCB08000D14838 /* libz.dylib */ = {isa = PBXFileReference; lastKnownFileType = "compiled.mach-o.dylib"; name = libz.dylib; path = usr/lib/libz.dylib; sourceTree = SDKROOT; };
		34B56B5D1723158E00A5A4B8 /* childrens-literature-20130206.epub */ = {isa = PBXFileReference; lastKnownFileType = file; path = "childrens-literature-20130206.epub"; sourceTree = "<group>"; };
		34C5534016E15D08003A7C23 /* CFNetwork.framework */ = {isa = PBXFileReference; lastKnownFileType = wrapper.framework; name = CFNetwork.framework; path = System/Library/Frameworks/CFNetwork.framework; sourceTree = SDKROOT; };
/* End PBXFileReference section */

/* Begin PBXFrameworksBuildPhase section */
		340FC15616BC3B4600346A59 /* Frameworks */ = {
			isa = PBXFrameworksBuildPhase;
			buildActionMask = 2147483647;
			files = (
				34C5534116E15D08003A7C23 /* CFNetwork.framework in Frameworks */,
				340FC16116BC3B4600346A59 /* CoreGraphics.framework in Frameworks */,
				340FC15F16BC3B4600346A59 /* Foundation.framework in Frameworks */,
				340FC15D16BC3B4600346A59 /* UIKit.framework in Frameworks */,
				347C58C016BC879400A647B0 /* libePub3-iOS.a in Frameworks */,
				34B5457C16BCB07800D14838 /* libxml2.dylib in Frameworks */,
				34B5457E16BCB08000D14838 /* libz.dylib in Frameworks */,
			);
			runOnlyForDeploymentPostprocessing = 0;
		};
/* End PBXFrameworksBuildPhase section */

/* Begin PBXGroup section */
		28487F25177D895D00B53BB7 /* Controllers */ = {
			isa = PBXGroup;
			children = (
				28487F26177D895D00B53BB7 /* BaseViewController.h */,
				28487F27177D895D00B53BB7 /* BaseViewController.m */,
				28487F2A177D895D00B53BB7 /* BookmarkListController.h */,
				28487F2B177D895D00B53BB7 /* BookmarkListController.m */,
				28487F2C177D895D00B53BB7 /* ContainerController.h */,
				28487F2D177D895D00B53BB7 /* ContainerController.m */,
				28487F30177D895D00B53BB7 /* ContainerListController.h */,
				28487F31177D895D00B53BB7 /* ContainerListController.m */,
				28487F32177D895D00B53BB7 /* EPubViewController.h */,
				28487F33177D895D00B53BB7 /* EPubViewController.m */,
				28487F34177D895D00B53BB7 /* NavigationElementController.h */,
				28487F35177D895D00B53BB7 /* NavigationElementController.m */,
				28487F36177D895D00B53BB7 /* PackageMetadataController.h */,
				28487F37177D895D00B53BB7 /* PackageMetadataController.m */,
				28487F38177D895D00B53BB7 /* SpineItemListController.h */,
				28487F39177D895D00B53BB7 /* SpineItemListController.m */,
			);
			path = Controllers;
			sourceTree = "<group>";
		};
		28487F3A177D895D00B53BB7 /* Model */ = {
			isa = PBXGroup;
			children = (
				28487F7B177D8A9100B53BB7 /* BookmarkDatabase.h */,
				28487F7C177D8A9100B53BB7 /* BookmarkDatabase.m */,
				28487F7D177D8A9100B53BB7 /* ContainerList.h */,
				28487F7E177D8A9100B53BB7 /* ContainerList.m */,
				28487F3B177D895D00B53BB7 /* Bookmark.h */,
				28487F3C177D895D00B53BB7 /* Bookmark.m */,
				28487F3D177D895D00B53BB7 /* BundleURLProtocol.h */,
				28487F3E177D895D00B53BB7 /* BundleURLProtocol.m */,
				28487F3F177D895D00B53BB7 /* Constants.h */,
				28487F40177D895D00B53BB7 /* Constants.m */,
				28487F41177D895D00B53BB7 /* EPubURLProtocol.h */,
				28487F42177D895D00B53BB7 /* EPubURLProtocol.m */,
				28487F43177D895D00B53BB7 /* EPubURLProtocolBridge.h */,
				28487F44177D895D00B53BB7 /* EPubURLProtocolBridge.m */,
				28487F45177D895D00B53BB7 /* HTMLUtil.h */,
				28487F46177D895D00B53BB7 /* HTMLUtil.m */,
				28487F47177D895D00B53BB7 /* LocStr.h */,
				28487F48177D895D00B53BB7 /* LocStr.m */,
				28487F49177D895D00B53BB7 /* LocStrError.h */,
				28487F4A177D895D00B53BB7 /* LocStrError.m */,
				28487F4B177D895D00B53BB7 /* PackageResourceCache.h */,
				28487F4C177D895D00B53BB7 /* PackageResourceCache.m */,
				28487F4D177D895D00B53BB7 /* PackageResourceServer.h */,
				28487F4E177D895D00B53BB7 /* PackageResourceServer.m */,
				28487F4F177D895D00B53BB7 /* Settings.h */,
				28487F50177D895D00B53BB7 /* Settings.m */,
			);
			path = Model;
			sourceTree = "<group>";
		};
		28487F51177D895D00B53BB7 /* RDServices */ = {
			isa = PBXGroup;
			children = (
				28487F52177D895D00B53BB7 /* RDContainer.h */,
				28487F53177D895D00B53BB7 /* RDContainer.mm */,
				28487F54177D895D00B53BB7 /* RDNavigationElement.h */,
				28487F55177D895D00B53BB7 /* RDNavigationElement.mm */,
				28487F56177D895D00B53BB7 /* RDPackage.h */,
				28487F57177D895D00B53BB7 /* RDPackage.mm */,
				28487F58177D895D00B53BB7 /* RDPackageResource.h */,
				28487F59177D895D00B53BB7 /* RDPackageResource.mm */,
				28487F5A177D895D00B53BB7 /* RDSpineItem.h */,
				28487F5B177D895D00B53BB7 /* RDSpineItem.mm */,
			);
			path = RDServices;
			sourceTree = "<group>";
		};
		28487F5C177D895D00B53BB7 /* ThirdParty */ = {
			isa = PBXGroup;
			children = (
				28487F5D177D895D00B53BB7 /* AsyncSocket */,
			);
			path = ThirdParty;
			sourceTree = "<group>";
		};
		28487F5D177D895D00B53BB7 /* AsyncSocket */ = {
			isa = PBXGroup;
			children = (
				28487F5E177D895D00B53BB7 /* AsyncSocket.h */,
				28487F5F177D895D00B53BB7 /* AsyncSocket.m */,
			);
			path = AsyncSocket;
			sourceTree = "<group>";
		};
		3403515F16CE9362009E3B88 /* Injection */ = {
			isa = PBXGroup;
			children = (
				3403516116CE93F2009E3B88 /* reader.css */,
				3403516216CE93F2009E3B88 /* reader.html */,
			);
			name = Injection;
			sourceTree = "<group>";
		};
		340535B716BC728800D4A802 /* EPub */ = {
			isa = PBXGroup;
			children = (
				34B56B5D1723158E00A5A4B8 /* childrens-literature-20130206.epub */,
				340535B816BC729200D4A802 /* moby-dick-20120118.epub */,
				340535BA16BC793700D4A802 /* wasteland-20120118.epub */,
			);
			name = EPub;
			sourceTree = "<group>";
		};
		340FC15016BC3B4600346A59 = {
			isa = PBXGroup;
			children = (
				3462FBB916BC3C43003C79E1 /* Classes */,
				340FC15B16BC3B4600346A59 /* Frameworks */,
				340FC15A16BC3B4600346A59 /* Products */,
				3462FBBF16BC3C8F003C79E1 /* Resources */,
				3462FBC916BC3CBA003C79E1 /* Supporting Files */,
				347C58B216BC873700A647B0 /* ePub3.xcodeproj */,
			);
			sourceTree = "<group>";
		};
		340FC15A16BC3B4600346A59 /* Products */ = {
			isa = PBXGroup;
			children = (
				340FC15916BC3B4600346A59 /* SDKLauncher-iOS.app */,
			);
			name = Products;
			sourceTree = "<group>";
		};
		340FC15B16BC3B4600346A59 /* Frameworks */ = {
			isa = PBXGroup;
			children = (
				34C5534016E15D08003A7C23 /* CFNetwork.framework */,
				340FC16016BC3B4600346A59 /* CoreGraphics.framework */,
				340FC15E16BC3B4600346A59 /* Foundation.framework */,
				340FC15C16BC3B4600346A59 /* UIKit.framework */,
				34B5457B16BCB07800D14838 /* libxml2.dylib */,
				34B5457D16BCB08000D14838 /* libz.dylib */,
			);
			name = Frameworks;
			sourceTree = "<group>";
		};
		345CA3E116C00EE100B8B56A /* Main */ = {
			isa = PBXGroup;
			children = (
				3462FBBA16BC3C43003C79E1 /* AppDelegate.h */,
				3462FBBB16BC3C43003C79E1 /* AppDelegate.m */,
				3462FBBC16BC3C43003C79E1 /* main.m */,
			);
			name = Main;
			sourceTree = "<group>";
		};
		3462FBB916BC3C43003C79E1 /* Classes */ = {
			isa = PBXGroup;
			children = (
				28487F25177D895D00B53BB7 /* Controllers */,
				28487F3A177D895D00B53BB7 /* Model */,
				28487F51177D895D00B53BB7 /* RDServices */,
				28487F5C177D895D00B53BB7 /* ThirdParty */,
				345CA3E116C00EE100B8B56A /* Main */,
			);
			path = Classes;
			sourceTree = "<group>";
		};
		3462FBBF16BC3C8F003C79E1 /* Resources */ = {
			isa = PBXGroup;
			children = (
				3462FBDE16BC4037003C79E1 /* Default */,
				340535B716BC728800D4A802 /* EPub */,
				3462FBDD16BC4031003C79E1 /* Icon */,
				3403515F16CE9362009E3B88 /* Injection */,
				34B53527170B3E60000D384F /* JavaScript */,
				3462FBC316BC3C8F003C79E1 /* Localizable.strings */,
			);
			path = Resources;
			sourceTree = "<group>";
		};
		3462FBC916BC3CBA003C79E1 /* Supporting Files */ = {
			isa = PBXGroup;
			children = (
				3462FBCA16BC3CD8003C79E1 /* SDKLauncher-iOS-Info.plist */,
				3462FBCB16BC3CD8003C79E1 /* SDKLauncher-iOS-Prefix.pch */,
			);
			name = "Supporting Files";
			sourceTree = "<group>";
		};
		3462FBDD16BC4031003C79E1 /* Icon */ = {
			isa = PBXGroup;
			children = (
				3462FBCD16BC402E003C79E1 /* Icon-72.png */,
				3462FBCE16BC402E003C79E1 /* Icon-72@2x.png */,
				3462FBCF16BC402E003C79E1 /* Icon-Small-50.png */,
				3462FBD016BC402E003C79E1 /* Icon-Small-50@2x.png */,
				3462FBD116BC402E003C79E1 /* Icon-Small.png */,
				3462FBD216BC402E003C79E1 /* Icon-Small@2x.png */,
				3462FBD316BC402E003C79E1 /* Icon.png */,
				3462FBD416BC402E003C79E1 /* Icon@2x.png */,
			);
			name = Icon;
			sourceTree = "<group>";
		};
		3462FBDE16BC4037003C79E1 /* Default */ = {
			isa = PBXGroup;
			children = (
				3462FBDF16BC40F9003C79E1 /* Default-568h@2x.png */,
				3462FBE016BC40F9003C79E1 /* Default-Landscape.png */,
				3462FBE116BC40F9003C79E1 /* Default-Landscape@2x.png */,
				3462FBE216BC40F9003C79E1 /* Default-Portrait.png */,
				3462FBE316BC40F9003C79E1 /* Default-Portrait@2x.png */,
				3462FBE416BC40F9003C79E1 /* Default.png */,
				3462FBE516BC40F9003C79E1 /* Default@2x.png */,
			);
			name = Default;
			sourceTree = "<group>";
		};
		347C58B316BC873700A647B0 /* Products */ = {
			isa = PBXGroup;
			children = (
				347C58B916BC873700A647B0 /* ePub3.dylib */,
				347C58BB16BC873700A647B0 /* libePub3-iOS.a */,
				347C58BD16BC873700A647B0 /* UnitTests */,
			);
			name = Products;
			sourceTree = "<group>";
		};
/* End PBXGroup section */

/* Begin PBXNativeTarget section */
		340FC15816BC3B4600346A59 /* SDKLauncher-iOS */ = {
			isa = PBXNativeTarget;
			buildConfigurationList = 340FC17616BC3B4600346A59 /* Build configuration list for PBXNativeTarget "SDKLauncher-iOS" */;
			buildPhases = (
				340FC15516BC3B4600346A59 /* Sources */,
				340FC15616BC3B4600346A59 /* Frameworks */,
				340FC15716BC3B4600346A59 /* Resources */,
			);
			buildRules = (
			);
			dependencies = (
				347C58BF16BC878A00A647B0 /* PBXTargetDependency */,
			);
			name = "SDKLauncher-iOS";
			productName = "SDKLauncher-iOS";
			productReference = 340FC15916BC3B4600346A59 /* SDKLauncher-iOS.app */;
			productType = "com.apple.product-type.application";
		};
/* End PBXNativeTarget section */

/* Begin PBXProject section */
		340FC15116BC3B4600346A59 /* Project object */ = {
			isa = PBXProject;
			attributes = {
				LastUpgradeCheck = 0460;
				ORGANIZATIONNAME = "The Readium Foundation";
			};
			buildConfigurationList = 340FC15416BC3B4600346A59 /* Build configuration list for PBXProject "SDKLauncher-iOS" */;
			compatibilityVersion = "Xcode 3.2";
			developmentRegion = English;
			hasScannedForEncodings = 0;
			knownRegions = (
				en,
			);
			mainGroup = 340FC15016BC3B4600346A59;
			productRefGroup = 340FC15A16BC3B4600346A59 /* Products */;
			projectDirPath = "";
			projectReferences = (
				{
					ProductGroup = 347C58B316BC873700A647B0 /* Products */;
					ProjectRef = 347C58B216BC873700A647B0 /* ePub3.xcodeproj */;
				},
			);
			projectRoot = "";
			targets = (
				340FC15816BC3B4600346A59 /* SDKLauncher-iOS */,
			);
		};
/* End PBXProject section */

/* Begin PBXReferenceProxy section */
		347C58B916BC873700A647B0 /* ePub3.dylib */ = {
			isa = PBXReferenceProxy;
			fileType = "compiled.mach-o.dylib";
			path = ePub3.dylib;
			remoteRef = 347C58B816BC873700A647B0 /* PBXContainerItemProxy */;
			sourceTree = BUILT_PRODUCTS_DIR;
		};
		347C58BB16BC873700A647B0 /* libePub3-iOS.a */ = {
			isa = PBXReferenceProxy;
			fileType = archive.ar;
			path = "libePub3-iOS.a";
			remoteRef = 347C58BA16BC873700A647B0 /* PBXContainerItemProxy */;
			sourceTree = BUILT_PRODUCTS_DIR;
		};
		347C58BD16BC873700A647B0 /* UnitTests */ = {
			isa = PBXReferenceProxy;
			fileType = "compiled.mach-o.executable";
			path = UnitTests;
			remoteRef = 347C58BC16BC873700A647B0 /* PBXContainerItemProxy */;
			sourceTree = BUILT_PRODUCTS_DIR;
		};
/* End PBXReferenceProxy section */

/* Begin PBXResourcesBuildPhase section */
		340FC15716BC3B4600346A59 /* Resources */ = {
			isa = PBXResourcesBuildPhase;
			buildActionMask = 2147483647;
			files = (
				34B56B5E1723158E00A5A4B8 /* childrens-literature-20130206.epub in Resources */,
				3462FBEB16BC40F9003C79E1 /* Default.png in Resources */,
				3462FBEC16BC40F9003C79E1 /* Default@2x.png in Resources */,
				3462FBE616BC40F9003C79E1 /* Default-568h@2x.png in Resources */,
				3462FBE716BC40F9003C79E1 /* Default-Landscape.png in Resources */,
				3462FBE816BC40F9003C79E1 /* Default-Landscape@2x.png in Resources */,
				3462FBE916BC40F9003C79E1 /* Default-Portrait.png in Resources */,
				3462FBEA16BC40F9003C79E1 /* Default-Portrait@2x.png in Resources */,
				3462FBD516BC402E003C79E1 /* Icon-72.png in Resources */,
				3462FBD616BC402E003C79E1 /* Icon-72@2x.png in Resources */,
				3462FBD716BC402E003C79E1 /* Icon-Small-50.png in Resources */,
				3462FBD816BC402E003C79E1 /* Icon-Small-50@2x.png in Resources */,
				3462FBD916BC402E003C79E1 /* Icon-Small.png in Resources */,
				3462FBDA16BC402E003C79E1 /* Icon-Small@2x.png in Resources */,
				3462FBDB16BC402E003C79E1 /* Icon.png in Resources */,
				3462FBDC16BC402E003C79E1 /* Icon@2x.png in Resources */,
				3462FBC816BC3C8F003C79E1 /* Localizable.strings in Resources */,
				340535B916BC729200D4A802 /* moby-dick-20120118.epub in Resources */,
				3403516516CE93F2009E3B88 /* reader.css in Resources */,
				3403516616CE93F2009E3B88 /* reader.html in Resources */,
				340535BB16BC793700D4A802 /* wasteland-20120118.epub in Resources */,
				34B53528170B3E60000D384F /* JavaScript in Resources */,
			);
			runOnlyForDeploymentPostprocessing = 0;
		};
/* End PBXResourcesBuildPhase section */

/* Begin PBXSourcesBuildPhase section */
		340FC15516BC3B4600346A59 /* Sources */ = {
			isa = PBXSourcesBuildPhase;
			buildActionMask = 2147483647;
			files = (
				3462FBBD16BC3C43003C79E1 /* AppDelegate.m in Sources */,
				3462FBBE16BC3C43003C79E1 /* main.m in Sources */,
				28487F60177D895D00B53BB7 /* BaseViewController.m in Sources */,
				28487F62177D895D00B53BB7 /* BookmarkListController.m in Sources */,
				28487F63177D895D00B53BB7 /* ContainerController.m in Sources */,
				28487F65177D895D00B53BB7 /* ContainerListController.m in Sources */,
				28487F66177D895D00B53BB7 /* EPubViewController.m in Sources */,
				28487F67177D895D00B53BB7 /* NavigationElementController.m in Sources */,
				28487F68177D895D00B53BB7 /* PackageMetadataController.m in Sources */,
				28487F69177D895D00B53BB7 /* SpineItemListController.m in Sources */,
				28487F6A177D895D00B53BB7 /* Bookmark.m in Sources */,
				28487F6B177D895D00B53BB7 /* BundleURLProtocol.m in Sources */,
				28487F6C177D895D00B53BB7 /* Constants.m in Sources */,
				28487F6D177D895D00B53BB7 /* EPubURLProtocol.m in Sources */,
				28487F6E177D895D00B53BB7 /* EPubURLProtocolBridge.m in Sources */,
				28487F6F177D895D00B53BB7 /* HTMLUtil.m in Sources */,
				28487F70177D895D00B53BB7 /* LocStr.m in Sources */,
				28487F71177D895D00B53BB7 /* LocStrError.m in Sources */,
				28487F72177D895D00B53BB7 /* PackageResourceCache.m in Sources */,
				28487F73177D895D00B53BB7 /* PackageResourceServer.m in Sources */,
				28487F74177D895D00B53BB7 /* Settings.m in Sources */,
				28487F75177D895D00B53BB7 /* RDContainer.mm in Sources */,
				28487F76177D895D00B53BB7 /* RDNavigationElement.mm in Sources */,
				28487F77177D895D00B53BB7 /* RDPackage.mm in Sources */,
				28487F78177D895D00B53BB7 /* RDPackageResource.mm in Sources */,
				28487F79177D895D00B53BB7 /* RDSpineItem.mm in Sources */,
				28487F7A177D895D00B53BB7 /* AsyncSocket.m in Sources */,
				28487F7F177D8A9100B53BB7 /* BookmarkDatabase.m in Sources */,
				28487F80177D8A9100B53BB7 /* ContainerList.m in Sources */,
			);
			runOnlyForDeploymentPostprocessing = 0;
		};
/* End PBXSourcesBuildPhase section */

/* Begin PBXTargetDependency section */
		347C58BF16BC878A00A647B0 /* PBXTargetDependency */ = {
			isa = PBXTargetDependency;
			name = "ePub3-iOS";
			targetProxy = 347C58BE16BC878A00A647B0 /* PBXContainerItemProxy */;
		};
/* End PBXTargetDependency section */

/* Begin PBXVariantGroup section */
		3462FBC316BC3C8F003C79E1 /* Localizable.strings */ = {
			isa = PBXVariantGroup;
			children = (
				3462FBC416BC3C8F003C79E1 /* en */,
			);
			name = Localizable.strings;
			sourceTree = "<group>";
		};
/* End PBXVariantGroup section */

/* Begin XCBuildConfiguration section */
		340FC17416BC3B4600346A59 /* Debug */ = {
			isa = XCBuildConfiguration;
			buildSettings = {
				ALWAYS_SEARCH_USER_PATHS = NO;
				CLANG_CXX_LANGUAGE_STANDARD = "gnu++0x";
				CLANG_CXX_LIBRARY = "libc++";
				CLANG_WARN_CONSTANT_CONVERSION = YES;
				CLANG_WARN_EMPTY_BODY = YES;
				CLANG_WARN_ENUM_CONVERSION = YES;
				CLANG_WARN_INT_CONVERSION = YES;
				CLANG_WARN_OBJC_MISSING_PROPERTY_SYNTHESIS = YES;
				CLANG_WARN__DUPLICATE_METHOD_MATCH = YES;
				"CODE_SIGN_IDENTITY[sdk=iphoneos*]" = "iPhone Developer";
				COPY_PHASE_STRIP = NO;
				GCC_C_LANGUAGE_STANDARD = gnu99;
				GCC_DYNAMIC_NO_PIC = NO;
				GCC_OPTIMIZATION_LEVEL = 0;
				GCC_PREFIX_HEADER = "SDKLauncher-iOS-Prefix.pch";
				GCC_PREPROCESSOR_DEFINITIONS = (
					"DEBUG=1",
					"$(inherited)",
				);
				GCC_SYMBOLS_PRIVATE_EXTERN = NO;
				GCC_WARN_ABOUT_RETURN_TYPE = YES;
				GCC_WARN_UNINITIALIZED_AUTOS = YES;
				GCC_WARN_UNUSED_VARIABLE = YES;
				HEADER_SEARCH_PATHS = (
					"${SDKROOT}/usr/include/libxml2",
					"readium-sdk/ePub3/**",
				);
				INFOPLIST_FILE = "SDKLauncher-iOS-Info.plist";
				IPHONEOS_DEPLOYMENT_TARGET = 6.0;
				ONLY_ACTIVE_ARCH = YES;
				SDKROOT = iphoneos;
				TARGETED_DEVICE_FAMILY = "1,2";
			};
			name = Debug;
		};
		340FC17516BC3B4600346A59 /* Release */ = {
			isa = XCBuildConfiguration;
			buildSettings = {
				ALWAYS_SEARCH_USER_PATHS = NO;
				CLANG_CXX_LANGUAGE_STANDARD = "gnu++0x";
				CLANG_CXX_LIBRARY = "libc++";
				CLANG_WARN_CONSTANT_CONVERSION = YES;
				CLANG_WARN_EMPTY_BODY = YES;
				CLANG_WARN_ENUM_CONVERSION = YES;
				CLANG_WARN_INT_CONVERSION = YES;
				CLANG_WARN_OBJC_MISSING_PROPERTY_SYNTHESIS = YES;
				CLANG_WARN__DUPLICATE_METHOD_MATCH = YES;
				"CODE_SIGN_IDENTITY[sdk=iphoneos*]" = "iPhone Developer";
				COPY_PHASE_STRIP = YES;
				GCC_C_LANGUAGE_STANDARD = gnu99;
				GCC_PREFIX_HEADER = "SDKLauncher-iOS-Prefix.pch";
				GCC_WARN_ABOUT_RETURN_TYPE = YES;
				GCC_WARN_UNINITIALIZED_AUTOS = YES;
				GCC_WARN_UNUSED_VARIABLE = YES;
				HEADER_SEARCH_PATHS = (
					"${SDKROOT}/usr/include/libxml2",
					"readium-sdk/ePub3/**",
				);
				INFOPLIST_FILE = "SDKLauncher-iOS-Info.plist";
				IPHONEOS_DEPLOYMENT_TARGET = 6.0;
				OTHER_CFLAGS = "-DNS_BLOCK_ASSERTIONS=1";
				SDKROOT = iphoneos;
				TARGETED_DEVICE_FAMILY = "1,2";
				VALIDATE_PRODUCT = YES;
			};
			name = Release;
		};
		340FC17716BC3B4600346A59 /* Debug */ = {
			isa = XCBuildConfiguration;
			buildSettings = {
				GCC_PRECOMPILE_PREFIX_HEADER = YES;
				HEADER_SEARCH_PATHS = (
					"${SDKROOT}/usr/include/libxml2",
					"${SRCROOT}/readium-sdk/Platform/Apple/include",
				);
				PRODUCT_NAME = "$(TARGET_NAME)";
				WRAPPER_EXTENSION = app;
			};
			name = Debug;
		};
		340FC17816BC3B4600346A59 /* Release */ = {
			isa = XCBuildConfiguration;
			buildSettings = {
				GCC_PRECOMPILE_PREFIX_HEADER = YES;
				HEADER_SEARCH_PATHS = (
					"${SDKROOT}/usr/include/libxml2",
					"${SRCROOT}/readium-sdk/Platform/Apple/include",
				);
				PRODUCT_NAME = "$(TARGET_NAME)";
				WRAPPER_EXTENSION = app;
			};
			name = Release;
		};
/* End XCBuildConfiguration section */

/* Begin XCConfigurationList section */
		340FC15416BC3B4600346A59 /* Build configuration list for PBXProject "SDKLauncher-iOS" */ = {
			isa = XCConfigurationList;
			buildConfigurations = (
				340FC17416BC3B4600346A59 /* Debug */,
				340FC17516BC3B4600346A59 /* Release */,
			);
			defaultConfigurationIsVisible = 0;
			defaultConfigurationName = Release;
		};
		340FC17616BC3B4600346A59 /* Build configuration list for PBXNativeTarget "SDKLauncher-iOS" */ = {
			isa = XCConfigurationList;
			buildConfigurations = (
				340FC17716BC3B4600346A59 /* Debug */,
				340FC17816BC3B4600346A59 /* Release */,
			);
			defaultConfigurationIsVisible = 0;
			defaultConfigurationName = Release;
		};
/* End XCConfigurationList section */
	};
	rootObject = 340FC15116BC3B4600346A59 /* Project object */;
}
